// !$*UTF8*$!
{
	archiveVersion = 1;
	classes = {
	};
	objectVersion = 56;
	objects = {

/* Begin PBXBuildFile section */
		790C738F2BEF99D500609C48 /* Localizable.xcstrings in Resources */ = {isa = PBXBuildFile; fileRef = 790C738E2BEF99D500609C48 /* Localizable.xcstrings */; };
		790D5A252BD2319C00C31A8F /* CalibrationView.swift in Sources */ = {isa = PBXBuildFile; fileRef = 790D5A242BD2319C00C31A8F /* CalibrationView.swift */; };
		793D6E562BD65E4F0012F701 /* MetronomeView.swift in Sources */ = {isa = PBXBuildFile; fileRef = 793D6E552BD65E4F0012F701 /* MetronomeView.swift */; };
		793D6E582BD66F730012F701 /* Metronome.swift in Sources */ = {isa = PBXBuildFile; fileRef = 793D6E572BD66F730012F701 /* Metronome.swift */; };
		7942FAA52BE24E5A00658E39 /* TapEvents.swift in Sources */ = {isa = PBXBuildFile; fileRef = 7942FAA42BE24E5A00658E39 /* TapEvents.swift */; };
		7943AE622BD653AF00E94AC7 /* SpriteKitAudio.swift in Sources */ = {isa = PBXBuildFile; fileRef = 7943AE612BD653AF00E94AC7 /* SpriteKitAudio.swift */; };
		794D49482BCD15AE0005A173 /* Logger.swift in Sources */ = {isa = PBXBuildFile; fileRef = 794D49472BCD15AE0005A173 /* Logger.swift */; };
		794D494C2BCD16E60005A173 /* akai_steinway.sf2 in Resources */ = {isa = PBXBuildFile; fileRef = 794D494B2BCD16E60005A173 /* akai_steinway.sf2 */; };
		794D49502BCD28AC0005A173 /* AudioManager.swift in Sources */ = {isa = PBXBuildFile; fileRef = 794D494F2BCD28AC0005A173 /* AudioManager.swift */; };
		794D49532BCD28CC0005A173 /* SoundpipeAudioKit in Frameworks */ = {isa = PBXBuildFile; productRef = 794D49522BCD28CC0005A173 /* SoundpipeAudioKit */; };
		794D49562BCD29090005A173 /* TapHandler.swift in Sources */ = {isa = PBXBuildFile; fileRef = 794D49552BCD29090005A173 /* TapHandler.swift */; };
		794D49582BCD29390005A173 /* ScaleMatcher.swift in Sources */ = {isa = PBXBuildFile; fileRef = 794D49572BCD29390005A173 /* ScaleMatcher.swift */; };
		794D495A2BCD29610005A173 /* Scale.swift in Sources */ = {isa = PBXBuildFile; fileRef = 794D49592BCD29610005A173 /* Scale.swift */; };
		794D495C2BCD29DF0005A173 /* Util.swift in Sources */ = {isa = PBXBuildFile; fileRef = 794D495B2BCD29DF0005A173 /* Util.swift */; };
		795503C12BDF88A1002D7C1D /* metronome_mechanical_low.aiff in Resources */ = {isa = PBXBuildFile; fileRef = 795503BF2BDF88A1002D7C1D /* metronome_mechanical_low.aiff */; };
		795503C22BDF88A1002D7C1D /* metronome_mechanical_high.aiff in Resources */ = {isa = PBXBuildFile; fileRef = 795503C02BDF88A1002D7C1D /* metronome_mechanical_high.aiff */; };
		79552FB62BDB975D00A27531 /* ResultView.swift in Sources */ = {isa = PBXBuildFile; fileRef = 79552FB52BDB975D00A27531 /* ResultView.swift */; };
		79552FC32BDBB41100A27531 /* Home_1_60.m4a in Resources */ = {isa = PBXBuildFile; fileRef = 79552FBF2BDBB41100A27531 /* Home_1_60.m4a */; };
		79552FC42BDBB41100A27531 /* Home_2_60.m4a in Resources */ = {isa = PBXBuildFile; fileRef = 79552FC02BDBB41100A27531 /* Home_2_60.m4a */; };
		79552FC52BDBB41100A27531 /* Home_3_60.m4a in Resources */ = {isa = PBXBuildFile; fileRef = 79552FC12BDBB41100A27531 /* Home_3_60.m4a */; };
		79552FC62BDBB41100A27531 /* Home_4_48.m4a in Resources */ = {isa = PBXBuildFile; fileRef = 79552FC22BDBB41100A27531 /* Home_4_48.m4a */; };
		7967099F2BD791F90029E7ED /* CommonUI.swift in Sources */ = {isa = PBXBuildFile; fileRef = 7967099E2BD791F90029E7ED /* CommonUI.swift */; };
		796C76EA2BD3774400DF2DA9 /* SpeechManager.swift in Sources */ = {isa = PBXBuildFile; fileRef = 796C76E92BD3774400DF2DA9 /* SpeechManager.swift */; };
		797013842BEE36E2009F85D6 /* Score.swift in Sources */ = {isa = PBXBuildFile; fileRef = 7970137C2BEE36E1009F85D6 /* Score.swift */; };
		797013862BEE36E2009F85D6 /* StaffNote.swift in Sources */ = {isa = PBXBuildFile; fileRef = 7970137E2BEE36E1009F85D6 /* StaffNote.swift */; };
		797013872BEE36E2009F85D6 /* KeySignature.swift in Sources */ = {isa = PBXBuildFile; fileRef = 7970137F2BEE36E1009F85D6 /* KeySignature.swift */; };
		797013882BEE36E2009F85D6 /* StaffKey.swift in Sources */ = {isa = PBXBuildFile; fileRef = 797013802BEE36E1009F85D6 /* StaffKey.swift */; };
		797013892BEE36E2009F85D6 /* TimeSlice.swift in Sources */ = {isa = PBXBuildFile; fileRef = 797013812BEE36E1009F85D6 /* TimeSlice.swift */; };
		7970138A2BEE36E2009F85D6 /* TimeSignature.swift in Sources */ = {isa = PBXBuildFile; fileRef = 797013822BEE36E1009F85D6 /* TimeSignature.swift */; };
		797013942BEE3E45009F85D6 /* ScoreView.swift in Sources */ = {isa = PBXBuildFile; fileRef = 7970138F2BEE3E45009F85D6 /* ScoreView.swift */; };
		797013952BEE3E45009F85D6 /* ScoreEntriesView.swift in Sources */ = {isa = PBXBuildFile; fileRef = 797013902BEE3E45009F85D6 /* ScoreEntriesView.swift */; };
		797013962BEE3E45009F85D6 /* StaffView.swift in Sources */ = {isa = PBXBuildFile; fileRef = 797013912BEE3E45009F85D6 /* StaffView.swift */; };
		797013972BEE3E45009F85D6 /* StemView.swift in Sources */ = {isa = PBXBuildFile; fileRef = 797013922BEE3E45009F85D6 /* StemView.swift */; };
		797013982BEE3E45009F85D6 /* TimeSliceView.swift in Sources */ = {isa = PBXBuildFile; fileRef = 797013932BEE3E45009F85D6 /* TimeSliceView.swift */; };
		799FC10D2BE6F9CB00BB0969 /* 05_02_C_Major_1_60_iPad.txt in Resources */ = {isa = PBXBuildFile; fileRef = 799FC1062BE6F9CB00BB0969 /* 05_02_C_Major_1_60_iPad.txt */; };
		799FC10E2BE6F9CB00BB0969 /* 05_02_C_Major_2_60_iPad 2.txt in Resources */ = {isa = PBXBuildFile; fileRef = 799FC1072BE6F9CB00BB0969 /* 05_02_C_Major_2_60_iPad 2.txt */; };
		799FC10F2BE6F9CB00BB0969 /* 05_02_C_Major_4_48_iPad.txt in Resources */ = {isa = PBXBuildFile; fileRef = 799FC1082BE6F9CB00BB0969 /* 05_02_C_Major_4_48_iPad.txt */; };
		799FC1102BE6F9CB00BB0969 /* 05_02_C_Minor_2_60_iPad.txt in Resources */ = {isa = PBXBuildFile; fileRef = 799FC1092BE6F9CB00BB0969 /* 05_02_C_Minor_2_60_iPad.txt */; };
		799FC1112BE6F9CB00BB0969 /* 05_02_A♭_MelodicMinor_2_56_iPad.txt in Resources */ = {isa = PBXBuildFile; fileRef = 799FC10A2BE6F9CB00BB0969 /* 05_02_A♭_MelodicMinor_2_56_iPad.txt */; };
		799FC1122BE6F9CB00BB0969 /* 05_02_C_MelodicMinor_2_60_iPad.txt in Resources */ = {isa = PBXBuildFile; fileRef = 799FC10B2BE6F9CB00BB0969 /* 05_02_C_MelodicMinor_2_60_iPad.txt */; };
		799FC1132BE6F9CB00BB0969 /* 05_02_C_Major_2_60_iPad.txt in Resources */ = {isa = PBXBuildFile; fileRef = 799FC10C2BE6F9CB00BB0969 /* 05_02_C_Major_2_60_iPad.txt */; };
		799FC1352BE6FFC700BB0969 /* 05_05_C_Major_1_60_iPad_4.txt in Resources */ = {isa = PBXBuildFile; fileRef = 799FC1222BE6FFC700BB0969 /* 05_05_C_Major_1_60_iPad_4.txt */; };
		799FC1372BE6FFC700BB0969 /* 05_05_C_Major_1_60_iPad_6.txt in Resources */ = {isa = PBXBuildFile; fileRef = 799FC1242BE6FFC700BB0969 /* 05_05_C_Major_1_60_iPad_6.txt */; };
		799FC1382BE6FFC700BB0969 /* 05_05_C_Major_1_60_iPad_7.txt in Resources */ = {isa = PBXBuildFile; fileRef = 799FC1252BE6FFC700BB0969 /* 05_05_C_Major_1_60_iPad_7.txt */; };
		799FC1392BE6FFC700BB0969 /* 05_05_C_Minor_1_60_iPad.txt in Resources */ = {isa = PBXBuildFile; fileRef = 799FC1262BE6FFC700BB0969 /* 05_05_C_Minor_1_60_iPad.txt */; };
		799FC13B2BE6FFC700BB0969 /* 05_05_C_Major_3_48_iPad_Good.txt in Resources */ = {isa = PBXBuildFile; fileRef = 799FC1282BE6FFC700BB0969 /* 05_05_C_Major_3_48_iPad_Good.txt */; };
		799FC13C2BE6FFC700BB0969 /* 05_05_C_Major_1_60_iPad_Good.txt in Resources */ = {isa = PBXBuildFile; fileRef = 799FC1292BE6FFC700BB0969 /* 05_05_C_Major_1_60_iPad_Good.txt */; };
		799FC14B2BE702A800BB0969 /* 05_05_C_MelodicMinor_1_60_iPad_Desc.txt in Resources */ = {isa = PBXBuildFile; fileRef = 799FC13E2BE702A800BB0969 /* 05_05_C_MelodicMinor_1_60_iPad_Desc.txt */; };
		799FC14C2BE702A800BB0969 /* 05_05_C_MelodicMinor_2_60_iPad_Desc.txt in Resources */ = {isa = PBXBuildFile; fileRef = 799FC13F2BE702A800BB0969 /* 05_05_C_MelodicMinor_2_60_iPad_Desc.txt */; };
		799FC14D2BE702A800BB0969 /* 05_05_C_Major_2_60_iPad_Asc.txt in Resources */ = {isa = PBXBuildFile; fileRef = 799FC1402BE702A800BB0969 /* 05_05_C_Major_2_60_iPad_Asc.txt */; };
		799FC14E2BE702A800BB0969 /* 05_05_C_Major_2_60_iPad_Desc.txt in Resources */ = {isa = PBXBuildFile; fileRef = 799FC1412BE702A800BB0969 /* 05_05_C_Major_2_60_iPad_Desc.txt */; };
		799FC14F2BE702A800BB0969 /* 05_05_C_Major_1_60_iPad_Asc.txt in Resources */ = {isa = PBXBuildFile; fileRef = 799FC1422BE702A800BB0969 /* 05_05_C_Major_1_60_iPad_Asc.txt */; };
		799FC1502BE702A800BB0969 /* 05_05_C_MelodicMinor_2_60_iPad_Good.txt in Resources */ = {isa = PBXBuildFile; fileRef = 799FC1432BE702A800BB0969 /* 05_05_C_MelodicMinor_2_60_iPad_Good.txt */; };
		799FC1512BE702A800BB0969 /* 05_05_C_MelodicMinor_1_60_iPad_Good.txt in Resources */ = {isa = PBXBuildFile; fileRef = 799FC1442BE702A800BB0969 /* 05_05_C_MelodicMinor_1_60_iPad_Good.txt */; };
		799FC1522BE702A800BB0969 /* 05_05_C_MelodicMinor_2_60_iPad_Asc.txt in Resources */ = {isa = PBXBuildFile; fileRef = 799FC1452BE702A800BB0969 /* 05_05_C_MelodicMinor_2_60_iPad_Asc.txt */; };
		799FC1532BE702A800BB0969 /* 05_05_C_MelodicMinor_1_60_iPad_Asc.txt in Resources */ = {isa = PBXBuildFile; fileRef = 799FC1462BE702A800BB0969 /* 05_05_C_MelodicMinor_1_60_iPad_Asc.txt */; };
		799FC1542BE702A800BB0969 /* 05_05_C_Major_1_60_iPad_5.txt in Resources */ = {isa = PBXBuildFile; fileRef = 799FC1472BE702A800BB0969 /* 05_05_C_Major_1_60_iPad_5.txt */; };
		799FC1552BE702A800BB0969 /* 05_05_C_Major_1_60_iPad_Desc.txt in Resources */ = {isa = PBXBuildFile; fileRef = 799FC1482BE702A800BB0969 /* 05_05_C_Major_1_60_iPad_Desc.txt */; };
		799FC1562BE702A800BB0969 /* 05_05_C_MelodicMinor_2_60_iPad_14.txt in Resources */ = {isa = PBXBuildFile; fileRef = 799FC1492BE702A800BB0969 /* 05_05_C_MelodicMinor_2_60_iPad_14.txt */; };
		799FC1572BE702A800BB0969 /* 05_05_C_Major_2_60_iPad_Good.txt in Resources */ = {isa = PBXBuildFile; fileRef = 799FC14A2BE702A800BB0969 /* 05_05_C_Major_2_60_iPad_Good.txt */; };
		79BF6BC12BCDF60D0092CDDF /* 1_octave_slow.m4a in Resources */ = {isa = PBXBuildFile; fileRef = 79BF6BC02BCDF60D0092CDDF /* 1_octave_slow.m4a */; };
		79CF5D702BEE426B00454BB6 /* Staff.swift in Sources */ = {isa = PBXBuildFile; fileRef = 79CF5D6F2BEE426B00454BB6 /* Staff.swift */; };
		79CF5D722BEE46C900454BB6 /* SettingsView.swift in Sources */ = {isa = PBXBuildFile; fileRef = 79CF5D712BEE46C900454BB6 /* SettingsView.swift */; };
		79D7C2932BCFD57600AE0B24 /* ScalesModel.swift in Sources */ = {isa = PBXBuildFile; fileRef = 79D7C2922BCFD57600AE0B24 /* ScalesModel.swift */; };
		79D7C2952BD0F1BF00AE0B24 /* LogViewer.swift in Sources */ = {isa = PBXBuildFile; fileRef = 79D7C2942BD0F1BF00AE0B24 /* LogViewer.swift */; };
		79D7C2972BD10DB500AE0B24 /* Key.swift in Sources */ = {isa = PBXBuildFile; fileRef = 79D7C2962BD10DB500AE0B24 /* Key.swift */; };
		79D7C29E2BD1122900AE0B24 /* PianoKeyboardModel.swift in Sources */ = {isa = PBXBuildFile; fileRef = 79D7C29D2BD1122900AE0B24 /* PianoKeyboardModel.swift */; };
		79D7C2A02BD112FF00AE0B24 /* NoteName.swift in Sources */ = {isa = PBXBuildFile; fileRef = 79D7C29F2BD112FF00AE0B24 /* NoteName.swift */; };
		79D7C2A22BD1133C00AE0B24 /* PianoKeyboardView.swift in Sources */ = {isa = PBXBuildFile; fileRef = 79D7C2A12BD1133C00AE0B24 /* PianoKeyboardView.swift */; };
		79D7C2A62BD1167D00AE0B24 /* PianoKeyModel.swift in Sources */ = {isa = PBXBuildFile; fileRef = 79D7C2A52BD1167D00AE0B24 /* PianoKeyModel.swift */; };
		79D7C2A82BD116E300AE0B24 /* RoundedCornersShape.swift in Sources */ = {isa = PBXBuildFile; fileRef = 79D7C2A72BD116E300AE0B24 /* RoundedCornersShape.swift */; };
		79D7C2AA2BD1171200AE0B24 /* TouchesView.swift in Sources */ = {isa = PBXBuildFile; fileRef = 79D7C2A92BD1171200AE0B24 /* TouchesView.swift */; };
		79D7C2AC2BD1179B00AE0B24 /* ClassicStyle.swift in Sources */ = {isa = PBXBuildFile; fileRef = 79D7C2AB2BD1179B00AE0B24 /* ClassicStyle.swift */; };
		79DA82162BCCE95F008AC492 /* ScalesTrainerApp.swift in Sources */ = {isa = PBXBuildFile; fileRef = 79DA82152BCCE95F008AC492 /* ScalesTrainerApp.swift */; };
		79DA821A2BCCE960008AC492 /* Assets.xcassets in Resources */ = {isa = PBXBuildFile; fileRef = 79DA82192BCCE960008AC492 /* Assets.xcassets */; };
		79DA821D2BCCE960008AC492 /* Preview Assets.xcassets in Resources */ = {isa = PBXBuildFile; fileRef = 79DA821C2BCCE960008AC492 /* Preview Assets.xcassets */; };
		79DA82252BCCEAA0008AC492 /* ScalesView.swift in Sources */ = {isa = PBXBuildFile; fileRef = 79DA82242BCCEAA0008AC492 /* ScalesView.swift */; };
		79DA82282BCCEB70008AC492 /* AudioKit in Frameworks */ = {isa = PBXBuildFile; productRef = 79DA82272BCCEB70008AC492 /* AudioKit */; };
		79DA822B2BCCEB8B008AC492 /* AudioKitUI in Frameworks */ = {isa = PBXBuildFile; productRef = 79DA822A2BCCEB8B008AC492 /* AudioKitUI */; };
		79DA82362BCCF260008AC492 /* AudioKitEX in Frameworks */ = {isa = PBXBuildFile; productRef = 79DA82352BCCF260008AC492 /* AudioKitEX */; };
		79E0E6242BF5D51D003FE95B /* 05_16_17_37_C_MelodicMinor_1_60_iPad_2,3,2,4_7.txt in Resources */ = {isa = PBXBuildFile; fileRef = 79E0E6232BF5D51D003FE95B /* 05_16_17_37_C_MelodicMinor_1_60_iPad_2,3,2,4_7.txt */; };
		79E8AF2A2BEC9BF200C2D5B3 /* 05_09_D_Major_3_50_iPad_Desc.txt in Resources */ = {isa = PBXBuildFile; fileRef = 79E8AF1A2BEC9BF200C2D5B3 /* 05_09_D_Major_3_50_iPad_Desc.txt */; };
		79E8AF2B2BEC9BF200C2D5B3 /* 05_09_C_Major_2_60_iPad_0.txt in Resources */ = {isa = PBXBuildFile; fileRef = 79E8AF1B2BEC9BF200C2D5B3 /* 05_09_C_Major_2_60_iPad_0.txt */; };
		79E8AF2C2BEC9BF200C2D5B3 /* 05_09_C_HarmonicMinor_2_60_iPad_4.txt in Resources */ = {isa = PBXBuildFile; fileRef = 79E8AF1C2BEC9BF200C2D5B3 /* 05_09_C_HarmonicMinor_2_60_iPad_4.txt */; };
		79E8AF2D2BEC9BF200C2D5B3 /* 05_09_C_Major_3_48_iPad_MISREAD_63.txt in Resources */ = {isa = PBXBuildFile; fileRef = 79E8AF1D2BEC9BF200C2D5B3 /* 05_09_C_Major_3_48_iPad_MISREAD_63.txt */; };
		79E8AF2F2BEC9BF200C2D5B3 /* 05_09_C_Major_2_60_iPad_Arpeggio.txt in Resources */ = {isa = PBXBuildFile; fileRef = 79E8AF1F2BEC9BF200C2D5B3 /* 05_09_C_Major_2_60_iPad_Arpeggio.txt */; };
		79E8AF302BEC9BF200C2D5B3 /* 05_09_C_Major_3_48_iPad_0.txt in Resources */ = {isa = PBXBuildFile; fileRef = 79E8AF202BEC9BF200C2D5B3 /* 05_09_C_Major_3_48_iPad_0.txt */; };
		79E8AF312BEC9BF200C2D5B3 /* 05_09_C_Minor_3_48_iPad_8.txt in Resources */ = {isa = PBXBuildFile; fileRef = 79E8AF212BEC9BF200C2D5B3 /* 05_09_C_Minor_3_48_iPad_8.txt */; };
		79E8AF322BEC9BF200C2D5B3 /* 05_09_C_MelodicMinor_3_48_iPad_1.txt in Resources */ = {isa = PBXBuildFile; fileRef = 79E8AF222BEC9BF200C2D5B3 /* 05_09_C_MelodicMinor_3_48_iPad_1.txt */; };
		79E8AF332BEC9BF200C2D5B3 /* 05_09_C_MelodicMinor_3_48_iPad_2.txt in Resources */ = {isa = PBXBuildFile; fileRef = 79E8AF232BEC9BF200C2D5B3 /* 05_09_C_MelodicMinor_3_48_iPad_2.txt */; };
		79E8AF342BEC9BF200C2D5B3 /* 05_09_C_MelodicMinor_3_48_iPad_6.txt in Resources */ = {isa = PBXBuildFile; fileRef = 79E8AF242BEC9BF200C2D5B3 /* 05_09_C_MelodicMinor_3_48_iPad_6.txt */; };
		79E8AF352BEC9BF200C2D5B3 /* 05_09_C_HarmonicMinor_2_60_iPad_Correct.txt in Resources */ = {isa = PBXBuildFile; fileRef = 79E8AF252BEC9BF200C2D5B3 /* 05_09_C_HarmonicMinor_2_60_iPad_Correct.txt */; };
		79E8AF362BEC9BF200C2D5B3 /* 05_09_C_HarmonicMinor_2_60_iPad_3.txt in Resources */ = {isa = PBXBuildFile; fileRef = 79E8AF262BEC9BF200C2D5B3 /* 05_09_C_HarmonicMinor_2_60_iPad_3.txt */; };
		79E8AF372BEC9BF200C2D5B3 /* 05_09_C_Major_4_48_iPad_0.txt in Resources */ = {isa = PBXBuildFile; fileRef = 79E8AF272BEC9BF200C2D5B3 /* 05_09_C_Major_4_48_iPad_0.txt */; };
		79E8AF392BEC9BF200C2D5B3 /* 05_09_A♭_Major_3_44_iPad_2.txt in Resources */ = {isa = PBXBuildFile; fileRef = 79E8AF292BEC9BF200C2D5B3 /* 05_09_A♭_Major_3_44_iPad_2.txt */; };
/* End PBXBuildFile section */

/* Begin PBXFileReference section */
		790C738E2BEF99D500609C48 /* Localizable.xcstrings */ = {isa = PBXFileReference; lastKnownFileType = text.json.xcstrings; path = Localizable.xcstrings; sourceTree = "<group>"; };
		790D5A242BD2319C00C31A8F /* CalibrationView.swift */ = {isa = PBXFileReference; lastKnownFileType = sourcecode.swift; path = CalibrationView.swift; sourceTree = "<group>"; };
		793D6E552BD65E4F0012F701 /* MetronomeView.swift */ = {isa = PBXFileReference; lastKnownFileType = sourcecode.swift; path = MetronomeView.swift; sourceTree = "<group>"; };
		793D6E572BD66F730012F701 /* Metronome.swift */ = {isa = PBXFileReference; lastKnownFileType = sourcecode.swift; path = Metronome.swift; sourceTree = "<group>"; };
		7942FAA42BE24E5A00658E39 /* TapEvents.swift */ = {isa = PBXFileReference; lastKnownFileType = sourcecode.swift; path = TapEvents.swift; sourceTree = "<group>"; };
		7943AE612BD653AF00E94AC7 /* SpriteKitAudio.swift */ = {isa = PBXFileReference; lastKnownFileType = sourcecode.swift; path = SpriteKitAudio.swift; sourceTree = "<group>"; };
		794D49472BCD15AE0005A173 /* Logger.swift */ = {isa = PBXFileReference; lastKnownFileType = sourcecode.swift; path = Logger.swift; sourceTree = "<group>"; };
		794D494B2BCD16E60005A173 /* akai_steinway.sf2 */ = {isa = PBXFileReference; lastKnownFileType = file; path = akai_steinway.sf2; sourceTree = "<group>"; };
		794D494F2BCD28AC0005A173 /* AudioManager.swift */ = {isa = PBXFileReference; lastKnownFileType = sourcecode.swift; path = AudioManager.swift; sourceTree = "<group>"; };
		794D49552BCD29090005A173 /* TapHandler.swift */ = {isa = PBXFileReference; lastKnownFileType = sourcecode.swift; path = TapHandler.swift; sourceTree = "<group>"; };
		794D49572BCD29390005A173 /* ScaleMatcher.swift */ = {isa = PBXFileReference; lastKnownFileType = sourcecode.swift; path = ScaleMatcher.swift; sourceTree = "<group>"; };
		794D49592BCD29610005A173 /* Scale.swift */ = {isa = PBXFileReference; lastKnownFileType = sourcecode.swift; path = Scale.swift; sourceTree = "<group>"; };
		794D495B2BCD29DF0005A173 /* Util.swift */ = {isa = PBXFileReference; lastKnownFileType = sourcecode.swift; path = Util.swift; sourceTree = "<group>"; };
		795503BF2BDF88A1002D7C1D /* metronome_mechanical_low.aiff */ = {isa = PBXFileReference; lastKnownFileType = audio.aiff; path = metronome_mechanical_low.aiff; sourceTree = "<group>"; };
		795503C02BDF88A1002D7C1D /* metronome_mechanical_high.aiff */ = {isa = PBXFileReference; lastKnownFileType = audio.aiff; path = metronome_mechanical_high.aiff; sourceTree = "<group>"; };
		79552FB52BDB975D00A27531 /* ResultView.swift */ = {isa = PBXFileReference; lastKnownFileType = sourcecode.swift; path = ResultView.swift; sourceTree = "<group>"; };
		79552FBF2BDBB41100A27531 /* Home_1_60.m4a */ = {isa = PBXFileReference; lastKnownFileType = file; path = Home_1_60.m4a; sourceTree = "<group>"; };
		79552FC02BDBB41100A27531 /* Home_2_60.m4a */ = {isa = PBXFileReference; lastKnownFileType = file; path = Home_2_60.m4a; sourceTree = "<group>"; };
		79552FC12BDBB41100A27531 /* Home_3_60.m4a */ = {isa = PBXFileReference; lastKnownFileType = file; path = Home_3_60.m4a; sourceTree = "<group>"; };
		79552FC22BDBB41100A27531 /* Home_4_48.m4a */ = {isa = PBXFileReference; lastKnownFileType = file; path = Home_4_48.m4a; sourceTree = "<group>"; };
		7967099E2BD791F90029E7ED /* CommonUI.swift */ = {isa = PBXFileReference; lastKnownFileType = sourcecode.swift; path = CommonUI.swift; sourceTree = "<group>"; };
		796C76E92BD3774400DF2DA9 /* SpeechManager.swift */ = {isa = PBXFileReference; lastKnownFileType = sourcecode.swift; path = SpeechManager.swift; sourceTree = "<group>"; };
		7970137C2BEE36E1009F85D6 /* Score.swift */ = {isa = PBXFileReference; fileEncoding = 4; lastKnownFileType = sourcecode.swift; path = Score.swift; sourceTree = "<group>"; };
		7970137E2BEE36E1009F85D6 /* StaffNote.swift */ = {isa = PBXFileReference; fileEncoding = 4; lastKnownFileType = sourcecode.swift; path = StaffNote.swift; sourceTree = "<group>"; };
		7970137F2BEE36E1009F85D6 /* KeySignature.swift */ = {isa = PBXFileReference; fileEncoding = 4; lastKnownFileType = sourcecode.swift; path = KeySignature.swift; sourceTree = "<group>"; };
		797013802BEE36E1009F85D6 /* StaffKey.swift */ = {isa = PBXFileReference; fileEncoding = 4; lastKnownFileType = sourcecode.swift; path = StaffKey.swift; sourceTree = "<group>"; };
		797013812BEE36E1009F85D6 /* TimeSlice.swift */ = {isa = PBXFileReference; fileEncoding = 4; lastKnownFileType = sourcecode.swift; path = TimeSlice.swift; sourceTree = "<group>"; };
		797013822BEE36E1009F85D6 /* TimeSignature.swift */ = {isa = PBXFileReference; fileEncoding = 4; lastKnownFileType = sourcecode.swift; path = TimeSignature.swift; sourceTree = "<group>"; };
		7970138F2BEE3E45009F85D6 /* ScoreView.swift */ = {isa = PBXFileReference; fileEncoding = 4; lastKnownFileType = sourcecode.swift; path = ScoreView.swift; sourceTree = "<group>"; };
		797013902BEE3E45009F85D6 /* ScoreEntriesView.swift */ = {isa = PBXFileReference; fileEncoding = 4; lastKnownFileType = sourcecode.swift; path = ScoreEntriesView.swift; sourceTree = "<group>"; };
		797013912BEE3E45009F85D6 /* StaffView.swift */ = {isa = PBXFileReference; fileEncoding = 4; lastKnownFileType = sourcecode.swift; path = StaffView.swift; sourceTree = "<group>"; };
		797013922BEE3E45009F85D6 /* StemView.swift */ = {isa = PBXFileReference; fileEncoding = 4; lastKnownFileType = sourcecode.swift; path = StemView.swift; sourceTree = "<group>"; };
		797013932BEE3E45009F85D6 /* TimeSliceView.swift */ = {isa = PBXFileReference; fileEncoding = 4; lastKnownFileType = sourcecode.swift; path = TimeSliceView.swift; sourceTree = "<group>"; };
		799FC1062BE6F9CB00BB0969 /* 05_02_C_Major_1_60_iPad.txt */ = {isa = PBXFileReference; fileEncoding = 4; lastKnownFileType = text; name = 05_02_C_Major_1_60_iPad.txt; path = ScalesTrainer/Data/05_02_C_Major_1_60_iPad.txt; sourceTree = SOURCE_ROOT; };
		799FC1072BE6F9CB00BB0969 /* 05_02_C_Major_2_60_iPad 2.txt */ = {isa = PBXFileReference; fileEncoding = 4; lastKnownFileType = text; name = "05_02_C_Major_2_60_iPad 2.txt"; path = "ScalesTrainer/Data/05_02_C_Major_2_60_iPad 2.txt"; sourceTree = SOURCE_ROOT; };
		799FC1082BE6F9CB00BB0969 /* 05_02_C_Major_4_48_iPad.txt */ = {isa = PBXFileReference; fileEncoding = 4; lastKnownFileType = text; name = 05_02_C_Major_4_48_iPad.txt; path = ScalesTrainer/Data/05_02_C_Major_4_48_iPad.txt; sourceTree = SOURCE_ROOT; };
		799FC1092BE6F9CB00BB0969 /* 05_02_C_Minor_2_60_iPad.txt */ = {isa = PBXFileReference; fileEncoding = 4; lastKnownFileType = text; name = 05_02_C_Minor_2_60_iPad.txt; path = ScalesTrainer/Data/05_02_C_Minor_2_60_iPad.txt; sourceTree = SOURCE_ROOT; };
		799FC10A2BE6F9CB00BB0969 /* 05_02_A♭_MelodicMinor_2_56_iPad.txt */ = {isa = PBXFileReference; fileEncoding = 4; lastKnownFileType = text; name = "05_02_A♭_MelodicMinor_2_56_iPad.txt"; path = "ScalesTrainer/Data/05_02_A♭_MelodicMinor_2_56_iPad.txt"; sourceTree = SOURCE_ROOT; };
		799FC10B2BE6F9CB00BB0969 /* 05_02_C_MelodicMinor_2_60_iPad.txt */ = {isa = PBXFileReference; fileEncoding = 4; lastKnownFileType = text; name = 05_02_C_MelodicMinor_2_60_iPad.txt; path = ScalesTrainer/Data/05_02_C_MelodicMinor_2_60_iPad.txt; sourceTree = SOURCE_ROOT; };
		799FC10C2BE6F9CB00BB0969 /* 05_02_C_Major_2_60_iPad.txt */ = {isa = PBXFileReference; fileEncoding = 4; lastKnownFileType = text; name = 05_02_C_Major_2_60_iPad.txt; path = ScalesTrainer/Data/05_02_C_Major_2_60_iPad.txt; sourceTree = SOURCE_ROOT; };
		799FC1222BE6FFC700BB0969 /* 05_05_C_Major_1_60_iPad_4.txt */ = {isa = PBXFileReference; fileEncoding = 4; lastKnownFileType = text; path = 05_05_C_Major_1_60_iPad_4.txt; sourceTree = "<group>"; };
		799FC1242BE6FFC700BB0969 /* 05_05_C_Major_1_60_iPad_6.txt */ = {isa = PBXFileReference; fileEncoding = 4; lastKnownFileType = text; path = 05_05_C_Major_1_60_iPad_6.txt; sourceTree = "<group>"; };
		799FC1252BE6FFC700BB0969 /* 05_05_C_Major_1_60_iPad_7.txt */ = {isa = PBXFileReference; fileEncoding = 4; lastKnownFileType = text; path = 05_05_C_Major_1_60_iPad_7.txt; sourceTree = "<group>"; };
		799FC1262BE6FFC700BB0969 /* 05_05_C_Minor_1_60_iPad.txt */ = {isa = PBXFileReference; fileEncoding = 4; lastKnownFileType = text; path = 05_05_C_Minor_1_60_iPad.txt; sourceTree = "<group>"; };
		799FC1282BE6FFC700BB0969 /* 05_05_C_Major_3_48_iPad_Good.txt */ = {isa = PBXFileReference; fileEncoding = 4; lastKnownFileType = text; path = 05_05_C_Major_3_48_iPad_Good.txt; sourceTree = "<group>"; };
		799FC1292BE6FFC700BB0969 /* 05_05_C_Major_1_60_iPad_Good.txt */ = {isa = PBXFileReference; fileEncoding = 4; lastKnownFileType = text; path = 05_05_C_Major_1_60_iPad_Good.txt; sourceTree = "<group>"; };
		799FC13E2BE702A800BB0969 /* 05_05_C_MelodicMinor_1_60_iPad_Desc.txt */ = {isa = PBXFileReference; fileEncoding = 4; lastKnownFileType = text; path = 05_05_C_MelodicMinor_1_60_iPad_Desc.txt; sourceTree = "<group>"; };
		799FC13F2BE702A800BB0969 /* 05_05_C_MelodicMinor_2_60_iPad_Desc.txt */ = {isa = PBXFileReference; fileEncoding = 4; lastKnownFileType = text; path = 05_05_C_MelodicMinor_2_60_iPad_Desc.txt; sourceTree = "<group>"; };
		799FC1402BE702A800BB0969 /* 05_05_C_Major_2_60_iPad_Asc.txt */ = {isa = PBXFileReference; fileEncoding = 4; lastKnownFileType = text; path = 05_05_C_Major_2_60_iPad_Asc.txt; sourceTree = "<group>"; };
		799FC1412BE702A800BB0969 /* 05_05_C_Major_2_60_iPad_Desc.txt */ = {isa = PBXFileReference; fileEncoding = 4; lastKnownFileType = text; path = 05_05_C_Major_2_60_iPad_Desc.txt; sourceTree = "<group>"; };
		799FC1422BE702A800BB0969 /* 05_05_C_Major_1_60_iPad_Asc.txt */ = {isa = PBXFileReference; fileEncoding = 4; lastKnownFileType = text; path = 05_05_C_Major_1_60_iPad_Asc.txt; sourceTree = "<group>"; };
		799FC1432BE702A800BB0969 /* 05_05_C_MelodicMinor_2_60_iPad_Good.txt */ = {isa = PBXFileReference; fileEncoding = 4; lastKnownFileType = text; path = 05_05_C_MelodicMinor_2_60_iPad_Good.txt; sourceTree = "<group>"; };
		799FC1442BE702A800BB0969 /* 05_05_C_MelodicMinor_1_60_iPad_Good.txt */ = {isa = PBXFileReference; fileEncoding = 4; lastKnownFileType = text; path = 05_05_C_MelodicMinor_1_60_iPad_Good.txt; sourceTree = "<group>"; };
		799FC1452BE702A800BB0969 /* 05_05_C_MelodicMinor_2_60_iPad_Asc.txt */ = {isa = PBXFileReference; fileEncoding = 4; lastKnownFileType = text; path = 05_05_C_MelodicMinor_2_60_iPad_Asc.txt; sourceTree = "<group>"; };
		799FC1462BE702A800BB0969 /* 05_05_C_MelodicMinor_1_60_iPad_Asc.txt */ = {isa = PBXFileReference; fileEncoding = 4; lastKnownFileType = text; path = 05_05_C_MelodicMinor_1_60_iPad_Asc.txt; sourceTree = "<group>"; };
		799FC1472BE702A800BB0969 /* 05_05_C_Major_1_60_iPad_5.txt */ = {isa = PBXFileReference; fileEncoding = 4; lastKnownFileType = text; path = 05_05_C_Major_1_60_iPad_5.txt; sourceTree = "<group>"; };
		799FC1482BE702A800BB0969 /* 05_05_C_Major_1_60_iPad_Desc.txt */ = {isa = PBXFileReference; fileEncoding = 4; lastKnownFileType = text; path = 05_05_C_Major_1_60_iPad_Desc.txt; sourceTree = "<group>"; };
		799FC1492BE702A800BB0969 /* 05_05_C_MelodicMinor_2_60_iPad_14.txt */ = {isa = PBXFileReference; fileEncoding = 4; lastKnownFileType = text; path = 05_05_C_MelodicMinor_2_60_iPad_14.txt; sourceTree = "<group>"; };
		799FC14A2BE702A800BB0969 /* 05_05_C_Major_2_60_iPad_Good.txt */ = {isa = PBXFileReference; fileEncoding = 4; lastKnownFileType = text; path = 05_05_C_Major_2_60_iPad_Good.txt; sourceTree = "<group>"; };
		79BF6BC02BCDF60D0092CDDF /* 1_octave_slow.m4a */ = {isa = PBXFileReference; lastKnownFileType = file; path = 1_octave_slow.m4a; sourceTree = "<group>"; };
		79BFC69E2BCF790600006CA4 /* Info.plist */ = {isa = PBXFileReference; lastKnownFileType = text.plist; path = Info.plist; sourceTree = "<group>"; };
		79CF5D6F2BEE426B00454BB6 /* Staff.swift */ = {isa = PBXFileReference; lastKnownFileType = sourcecode.swift; path = Staff.swift; sourceTree = "<group>"; };
		79CF5D712BEE46C900454BB6 /* SettingsView.swift */ = {isa = PBXFileReference; lastKnownFileType = sourcecode.swift; path = SettingsView.swift; sourceTree = "<group>"; };
		79D7C2922BCFD57600AE0B24 /* ScalesModel.swift */ = {isa = PBXFileReference; lastKnownFileType = sourcecode.swift; path = ScalesModel.swift; sourceTree = "<group>"; };
		79D7C2942BD0F1BF00AE0B24 /* LogViewer.swift */ = {isa = PBXFileReference; lastKnownFileType = sourcecode.swift; path = LogViewer.swift; sourceTree = "<group>"; };
		79D7C2962BD10DB500AE0B24 /* Key.swift */ = {isa = PBXFileReference; lastKnownFileType = sourcecode.swift; path = Key.swift; sourceTree = "<group>"; };
		79D7C29D2BD1122900AE0B24 /* PianoKeyboardModel.swift */ = {isa = PBXFileReference; lastKnownFileType = sourcecode.swift; path = PianoKeyboardModel.swift; sourceTree = "<group>"; };
		79D7C29F2BD112FF00AE0B24 /* NoteName.swift */ = {isa = PBXFileReference; lastKnownFileType = sourcecode.swift; path = NoteName.swift; sourceTree = "<group>"; };
		79D7C2A12BD1133C00AE0B24 /* PianoKeyboardView.swift */ = {isa = PBXFileReference; lastKnownFileType = sourcecode.swift; path = PianoKeyboardView.swift; sourceTree = "<group>"; };
		79D7C2A52BD1167D00AE0B24 /* PianoKeyModel.swift */ = {isa = PBXFileReference; lastKnownFileType = sourcecode.swift; path = PianoKeyModel.swift; sourceTree = "<group>"; };
		79D7C2A72BD116E300AE0B24 /* RoundedCornersShape.swift */ = {isa = PBXFileReference; lastKnownFileType = sourcecode.swift; path = RoundedCornersShape.swift; sourceTree = "<group>"; };
		79D7C2A92BD1171200AE0B24 /* TouchesView.swift */ = {isa = PBXFileReference; lastKnownFileType = sourcecode.swift; path = TouchesView.swift; sourceTree = "<group>"; };
		79D7C2AB2BD1179B00AE0B24 /* ClassicStyle.swift */ = {isa = PBXFileReference; lastKnownFileType = sourcecode.swift; path = ClassicStyle.swift; sourceTree = "<group>"; };
		79DA82122BCCE95F008AC492 /* ScalesTrainer.app */ = {isa = PBXFileReference; explicitFileType = wrapper.application; includeInIndex = 0; path = ScalesTrainer.app; sourceTree = BUILT_PRODUCTS_DIR; };
		79DA82152BCCE95F008AC492 /* ScalesTrainerApp.swift */ = {isa = PBXFileReference; lastKnownFileType = sourcecode.swift; path = ScalesTrainerApp.swift; sourceTree = "<group>"; };
		79DA82192BCCE960008AC492 /* Assets.xcassets */ = {isa = PBXFileReference; lastKnownFileType = folder.assetcatalog; path = Assets.xcassets; sourceTree = "<group>"; };
		79DA821C2BCCE960008AC492 /* Preview Assets.xcassets */ = {isa = PBXFileReference; lastKnownFileType = folder.assetcatalog; path = "Preview Assets.xcassets"; sourceTree = "<group>"; };
		79DA82242BCCEAA0008AC492 /* ScalesView.swift */ = {isa = PBXFileReference; lastKnownFileType = sourcecode.swift; path = ScalesView.swift; sourceTree = "<group>"; };
		79E0E6232BF5D51D003FE95B /* 05_16_17_37_C_MelodicMinor_1_60_iPad_2,3,2,4_7.txt */ = {isa = PBXFileReference; fileEncoding = 4; lastKnownFileType = text; name = "05_16_17_37_C_MelodicMinor_1_60_iPad_2,3,2,4_7.txt"; path = "../../../../Downloads/05_16_17_37_C_MelodicMinor_1_60_iPad_2,3,2,4_7.txt"; sourceTree = "<group>"; };
		79E8AF1A2BEC9BF200C2D5B3 /* 05_09_D_Major_3_50_iPad_Desc.txt */ = {isa = PBXFileReference; fileEncoding = 4; lastKnownFileType = text; name = 05_09_D_Major_3_50_iPad_Desc.txt; path = May9/05_09_D_Major_3_50_iPad_Desc.txt; sourceTree = "<group>"; };
		79E8AF1B2BEC9BF200C2D5B3 /* 05_09_C_Major_2_60_iPad_0.txt */ = {isa = PBXFileReference; fileEncoding = 4; lastKnownFileType = text; name = 05_09_C_Major_2_60_iPad_0.txt; path = May9/05_09_C_Major_2_60_iPad_0.txt; sourceTree = "<group>"; };
		79E8AF1C2BEC9BF200C2D5B3 /* 05_09_C_HarmonicMinor_2_60_iPad_4.txt */ = {isa = PBXFileReference; fileEncoding = 4; lastKnownFileType = text; name = 05_09_C_HarmonicMinor_2_60_iPad_4.txt; path = May9/05_09_C_HarmonicMinor_2_60_iPad_4.txt; sourceTree = "<group>"; };
		79E8AF1D2BEC9BF200C2D5B3 /* 05_09_C_Major_3_48_iPad_MISREAD_63.txt */ = {isa = PBXFileReference; fileEncoding = 4; lastKnownFileType = text; name = 05_09_C_Major_3_48_iPad_MISREAD_63.txt; path = May9/05_09_C_Major_3_48_iPad_MISREAD_63.txt; sourceTree = "<group>"; };
		79E8AF1F2BEC9BF200C2D5B3 /* 05_09_C_Major_2_60_iPad_Arpeggio.txt */ = {isa = PBXFileReference; fileEncoding = 4; lastKnownFileType = text; name = 05_09_C_Major_2_60_iPad_Arpeggio.txt; path = May9/05_09_C_Major_2_60_iPad_Arpeggio.txt; sourceTree = "<group>"; };
		79E8AF202BEC9BF200C2D5B3 /* 05_09_C_Major_3_48_iPad_0.txt */ = {isa = PBXFileReference; fileEncoding = 4; lastKnownFileType = text; name = 05_09_C_Major_3_48_iPad_0.txt; path = May9/05_09_C_Major_3_48_iPad_0.txt; sourceTree = "<group>"; };
		79E8AF212BEC9BF200C2D5B3 /* 05_09_C_Minor_3_48_iPad_8.txt */ = {isa = PBXFileReference; fileEncoding = 4; lastKnownFileType = text; name = 05_09_C_Minor_3_48_iPad_8.txt; path = May9/05_09_C_Minor_3_48_iPad_8.txt; sourceTree = "<group>"; };
		79E8AF222BEC9BF200C2D5B3 /* 05_09_C_MelodicMinor_3_48_iPad_1.txt */ = {isa = PBXFileReference; fileEncoding = 4; lastKnownFileType = text; name = 05_09_C_MelodicMinor_3_48_iPad_1.txt; path = May9/05_09_C_MelodicMinor_3_48_iPad_1.txt; sourceTree = "<group>"; };
		79E8AF232BEC9BF200C2D5B3 /* 05_09_C_MelodicMinor_3_48_iPad_2.txt */ = {isa = PBXFileReference; fileEncoding = 4; lastKnownFileType = text; name = 05_09_C_MelodicMinor_3_48_iPad_2.txt; path = May9/05_09_C_MelodicMinor_3_48_iPad_2.txt; sourceTree = "<group>"; };
		79E8AF242BEC9BF200C2D5B3 /* 05_09_C_MelodicMinor_3_48_iPad_6.txt */ = {isa = PBXFileReference; fileEncoding = 4; lastKnownFileType = text; name = 05_09_C_MelodicMinor_3_48_iPad_6.txt; path = May9/05_09_C_MelodicMinor_3_48_iPad_6.txt; sourceTree = "<group>"; };
		79E8AF252BEC9BF200C2D5B3 /* 05_09_C_HarmonicMinor_2_60_iPad_Correct.txt */ = {isa = PBXFileReference; fileEncoding = 4; lastKnownFileType = text; name = 05_09_C_HarmonicMinor_2_60_iPad_Correct.txt; path = May9/05_09_C_HarmonicMinor_2_60_iPad_Correct.txt; sourceTree = "<group>"; };
		79E8AF262BEC9BF200C2D5B3 /* 05_09_C_HarmonicMinor_2_60_iPad_3.txt */ = {isa = PBXFileReference; fileEncoding = 4; lastKnownFileType = text; name = 05_09_C_HarmonicMinor_2_60_iPad_3.txt; path = May9/05_09_C_HarmonicMinor_2_60_iPad_3.txt; sourceTree = "<group>"; };
		79E8AF272BEC9BF200C2D5B3 /* 05_09_C_Major_4_48_iPad_0.txt */ = {isa = PBXFileReference; fileEncoding = 4; lastKnownFileType = text; name = 05_09_C_Major_4_48_iPad_0.txt; path = May9/05_09_C_Major_4_48_iPad_0.txt; sourceTree = "<group>"; };
		79E8AF292BEC9BF200C2D5B3 /* 05_09_A♭_Major_3_44_iPad_2.txt */ = {isa = PBXFileReference; fileEncoding = 4; lastKnownFileType = text; name = "05_09_A♭_Major_3_44_iPad_2.txt"; path = "May9/05_09_A♭_Major_3_44_iPad_2.txt"; sourceTree = "<group>"; };
/* End PBXFileReference section */

/* Begin PBXFrameworksBuildPhase section */
		79DA820F2BCCE95F008AC492 /* Frameworks */ = {
			isa = PBXFrameworksBuildPhase;
			buildActionMask = 2147483647;
			files = (
				79DA82362BCCF260008AC492 /* AudioKitEX in Frameworks */,
				79DA822B2BCCEB8B008AC492 /* AudioKitUI in Frameworks */,
				794D49532BCD28CC0005A173 /* SoundpipeAudioKit in Frameworks */,
				79DA82282BCCEB70008AC492 /* AudioKit in Frameworks */,
			);
			runOnlyForDeploymentPostprocessing = 0;
		};
/* End PBXFrameworksBuildPhase section */

/* Begin PBXGroup section */
		7943AE602BD6539500E94AC7 /* Games */ = {
			isa = PBXGroup;
			children = (
				7943AE612BD653AF00E94AC7 /* SpriteKitAudio.swift */,
			);
			path = Games;
			sourceTree = "<group>";
		};
		794D492E2BCD07220005A173 /* PianoKeyboard */ = {
			isa = PBXGroup;
			children = (
				79D7C2AD2BD1181A00AE0B24 /* Model */,
				79D7C2AE2BD1184400AE0B24 /* View */,
			);
			path = PianoKeyboard;
			sourceTree = "<group>";
		};
		794D495D2BCD34080005A173 /* AudioFiles */ = {
			isa = PBXGroup;
			children = (
				799FC10A2BE6F9CB00BB0969 /* 05_02_A♭_MelodicMinor_2_56_iPad.txt */,
				799FC1062BE6F9CB00BB0969 /* 05_02_C_Major_1_60_iPad.txt */,
				799FC1072BE6F9CB00BB0969 /* 05_02_C_Major_2_60_iPad 2.txt */,
				799FC10C2BE6F9CB00BB0969 /* 05_02_C_Major_2_60_iPad.txt */,
				799FC1082BE6F9CB00BB0969 /* 05_02_C_Major_4_48_iPad.txt */,
				799FC10B2BE6F9CB00BB0969 /* 05_02_C_MelodicMinor_2_60_iPad.txt */,
				799FC1092BE6F9CB00BB0969 /* 05_02_C_Minor_2_60_iPad.txt */,
				795503C02BDF88A1002D7C1D /* metronome_mechanical_high.aiff */,
				795503BF2BDF88A1002D7C1D /* metronome_mechanical_low.aiff */,
				79552FBF2BDBB41100A27531 /* Home_1_60.m4a */,
				79552FC02BDBB41100A27531 /* Home_2_60.m4a */,
				79552FC12BDBB41100A27531 /* Home_3_60.m4a */,
				794D494B2BCD16E60005A173 /* akai_steinway.sf2 */,
				79552FC22BDBB41100A27531 /* Home_4_48.m4a */,
				79BF6BC02BCDF60D0092CDDF /* 1_octave_slow.m4a */,
			);
			path = AudioFiles;
			sourceTree = "<group>";
		};
		79562C252BE6F7F10016A457 /* Data */ = {
			isa = PBXGroup;
			children = (
				79E8AF292BEC9BF200C2D5B3 /* 05_09_A♭_Major_3_44_iPad_2.txt */,
				79E8AF262BEC9BF200C2D5B3 /* 05_09_C_HarmonicMinor_2_60_iPad_3.txt */,
				79E8AF1C2BEC9BF200C2D5B3 /* 05_09_C_HarmonicMinor_2_60_iPad_4.txt */,
				79E8AF1B2BEC9BF200C2D5B3 /* 05_09_C_Major_2_60_iPad_0.txt */,
				79E8AF202BEC9BF200C2D5B3 /* 05_09_C_Major_3_48_iPad_0.txt */,
				79E8AF1A2BEC9BF200C2D5B3 /* 05_09_D_Major_3_50_iPad_Desc.txt */,
				79E8AF272BEC9BF200C2D5B3 /* 05_09_C_Major_4_48_iPad_0.txt */,
				79E8AF222BEC9BF200C2D5B3 /* 05_09_C_MelodicMinor_3_48_iPad_1.txt */,
				79E8AF232BEC9BF200C2D5B3 /* 05_09_C_MelodicMinor_3_48_iPad_2.txt */,
				79E8AF242BEC9BF200C2D5B3 /* 05_09_C_MelodicMinor_3_48_iPad_6.txt */,
				799FC1582BE702E300BB0969 /* May5_Good */,
				799FC1172BE6FFC700BB0969 /* May5 */,
			);
			name = Data;
			sourceTree = "<group>";
		};
		7970138D2BEE3DE0009F85D6 /* Model */ = {
			isa = PBXGroup;
			children = (
				7970137F2BEE36E1009F85D6 /* KeySignature.swift */,
				7970137C2BEE36E1009F85D6 /* Score.swift */,
				797013802BEE36E1009F85D6 /* StaffKey.swift */,
				7970137E2BEE36E1009F85D6 /* StaffNote.swift */,
				797013822BEE36E1009F85D6 /* TimeSignature.swift */,
				797013812BEE36E1009F85D6 /* TimeSlice.swift */,
				79CF5D6F2BEE426B00454BB6 /* Staff.swift */,
			);
			path = Model;
			sourceTree = "<group>";
		};
		7970138E2BEE3DF2009F85D6 /* View */ = {
			isa = PBXGroup;
			children = (
				797013902BEE3E45009F85D6 /* ScoreEntriesView.swift */,
				7970138F2BEE3E45009F85D6 /* ScoreView.swift */,
				797013912BEE3E45009F85D6 /* StaffView.swift */,
				797013922BEE3E45009F85D6 /* StemView.swift */,
				797013932BEE3E45009F85D6 /* TimeSliceView.swift */,
			);
			path = View;
			sourceTree = "<group>";
		};
		799FC1172BE6FFC700BB0969 /* May5 */ = {
			isa = PBXGroup;
			children = (
				799FC1472BE702A800BB0969 /* 05_05_C_Major_1_60_iPad_5.txt */,
				799FC13E2BE702A800BB0969 /* 05_05_C_MelodicMinor_1_60_iPad_Desc.txt */,
				799FC1492BE702A800BB0969 /* 05_05_C_MelodicMinor_2_60_iPad_14.txt */,
				799FC1222BE6FFC700BB0969 /* 05_05_C_Major_1_60_iPad_4.txt */,
				799FC1242BE6FFC700BB0969 /* 05_05_C_Major_1_60_iPad_6.txt */,
				799FC1252BE6FFC700BB0969 /* 05_05_C_Major_1_60_iPad_7.txt */,
				799FC1262BE6FFC700BB0969 /* 05_05_C_Minor_1_60_iPad.txt */,
			);
			path = May5;
			sourceTree = "<group>";
		};
		799FC1582BE702E300BB0969 /* May5_Good */ = {
			isa = PBXGroup;
			children = (
				799FC1422BE702A800BB0969 /* 05_05_C_Major_1_60_iPad_Asc.txt */,
				799FC1482BE702A800BB0969 /* 05_05_C_Major_1_60_iPad_Desc.txt */,
				799FC1292BE6FFC700BB0969 /* 05_05_C_Major_1_60_iPad_Good.txt */,
				799FC1402BE702A800BB0969 /* 05_05_C_Major_2_60_iPad_Asc.txt */,
				799FC1412BE702A800BB0969 /* 05_05_C_Major_2_60_iPad_Desc.txt */,
				799FC14A2BE702A800BB0969 /* 05_05_C_Major_2_60_iPad_Good.txt */,
				799FC1282BE6FFC700BB0969 /* 05_05_C_Major_3_48_iPad_Good.txt */,
				799FC1462BE702A800BB0969 /* 05_05_C_MelodicMinor_1_60_iPad_Asc.txt */,
				799FC1442BE702A800BB0969 /* 05_05_C_MelodicMinor_1_60_iPad_Good.txt */,
				799FC1452BE702A800BB0969 /* 05_05_C_MelodicMinor_2_60_iPad_Asc.txt */,
				799FC13F2BE702A800BB0969 /* 05_05_C_MelodicMinor_2_60_iPad_Desc.txt */,
				799FC1432BE702A800BB0969 /* 05_05_C_MelodicMinor_2_60_iPad_Good.txt */,
			);
			path = May5_Good;
			sourceTree = "<group>";
		};
		79C0D2532BE30E7B0036CC91 /* Data */ = {
			isa = PBXGroup;
			children = (
				79E0E6232BF5D51D003FE95B /* 05_16_17_37_C_MelodicMinor_1_60_iPad_2,3,2,4_7.txt */,
				79E8AF3A2BEC9EAE00C2D5B3 /* Good */,
				79562C252BE6F7F10016A457 /* Data */,
			);
			path = Data;
			sourceTree = "<group>";
		};
		79D7C2AD2BD1181A00AE0B24 /* Model */ = {
			isa = PBXGroup;
			children = (
				79D7C29F2BD112FF00AE0B24 /* NoteName.swift */,
				79D7C29D2BD1122900AE0B24 /* PianoKeyboardModel.swift */,
				79D7C2A52BD1167D00AE0B24 /* PianoKeyModel.swift */,
			);
			name = Model;
			path = Piano/Model;
			sourceTree = "<group>";
		};
		79D7C2AE2BD1184400AE0B24 /* View */ = {
			isa = PBXGroup;
			children = (
				79D7C2AB2BD1179B00AE0B24 /* ClassicStyle.swift */,
				79D7C2A92BD1171200AE0B24 /* TouchesView.swift */,
				79D7C2A72BD116E300AE0B24 /* RoundedCornersShape.swift */,
				79D7C2A12BD1133C00AE0B24 /* PianoKeyboardView.swift */,
			);
			path = View;
			sourceTree = "<group>";
		};
		79DA82092BCCE95F008AC492 = {
			isa = PBXGroup;
			children = (
				790C738E2BEF99D500609C48 /* Localizable.xcstrings */,
				79DA82142BCCE95F008AC492 /* ScalesTrainer */,
				79DA82132BCCE95F008AC492 /* Products */,
			);
			sourceTree = "<group>";
		};
		79DA82132BCCE95F008AC492 /* Products */ = {
			isa = PBXGroup;
			children = (
				79DA82122BCCE95F008AC492 /* ScalesTrainer.app */,
			);
			name = Products;
			sourceTree = "<group>";
		};
		79DA82142BCCE95F008AC492 /* ScalesTrainer */ = {
			isa = PBXGroup;
			children = (
				79DA82192BCCE960008AC492 /* Assets.xcassets */,
				794D495D2BCD34080005A173 /* AudioFiles */,
				79C0D2532BE30E7B0036CC91 /* Data */,
				7943AE602BD6539500E94AC7 /* Games */,
				79BFC69E2BCF790600006CA4 /* Info.plist */,
				79DA822C2BCCED24008AC492 /* Model */,
				79E8AF3B2BEE24A600C2D5B3 /* MusicStaff */,
				794D492E2BCD07220005A173 /* PianoKeyboard */,
				79DA821B2BCCE960008AC492 /* Preview Content */,
				79DA82152BCCE95F008AC492 /* ScalesTrainerApp.swift */,
				79DA82232BCCEA6A008AC492 /* View */,
			);
			path = ScalesTrainer;
			sourceTree = "<group>";
		};
		79DA821B2BCCE960008AC492 /* Preview Content */ = {
			isa = PBXGroup;
			children = (
				79DA821C2BCCE960008AC492 /* Preview Assets.xcassets */,
			);
			path = "Preview Content";
			sourceTree = "<group>";
		};
		79DA82232BCCEA6A008AC492 /* View */ = {
			isa = PBXGroup;
			children = (
				7967099E2BD791F90029E7ED /* CommonUI.swift */,
				79D7C2942BD0F1BF00AE0B24 /* LogViewer.swift */,
				793D6E552BD65E4F0012F701 /* MetronomeView.swift */,
				79552FB52BDB975D00A27531 /* ResultView.swift */,
				79DA82242BCCEAA0008AC492 /* ScalesView.swift */,
				790D5A242BD2319C00C31A8F /* CalibrationView.swift */,
				79CF5D712BEE46C900454BB6 /* SettingsView.swift */,
			);
			path = View;
			sourceTree = "<group>";
		};
		79DA822C2BCCED24008AC492 /* Model */ = {
			isa = PBXGroup;
			children = (
				794D494F2BCD28AC0005A173 /* AudioManager.swift */,
				79D7C2962BD10DB500AE0B24 /* Key.swift */,
				794D49472BCD15AE0005A173 /* Logger.swift */,
				793D6E572BD66F730012F701 /* Metronome.swift */,
				7942FAA42BE24E5A00658E39 /* TapEvents.swift */,
				794D49592BCD29610005A173 /* Scale.swift */,
				794D49572BCD29390005A173 /* ScaleMatcher.swift */,
				79D7C2922BCFD57600AE0B24 /* ScalesModel.swift */,
				796C76E92BD3774400DF2DA9 /* SpeechManager.swift */,
				794D49552BCD29090005A173 /* TapHandler.swift */,
				794D495B2BCD29DF0005A173 /* Util.swift */,
			);
			path = Model;
			sourceTree = "<group>";
		};
		79E8AF3A2BEC9EAE00C2D5B3 /* Good */ = {
			isa = PBXGroup;
			children = (
				79E8AF1F2BEC9BF200C2D5B3 /* 05_09_C_Major_2_60_iPad_Arpeggio.txt */,
				79E8AF1D2BEC9BF200C2D5B3 /* 05_09_C_Major_3_48_iPad_MISREAD_63.txt */,
				79E8AF212BEC9BF200C2D5B3 /* 05_09_C_Minor_3_48_iPad_8.txt */,
				79E8AF252BEC9BF200C2D5B3 /* 05_09_C_HarmonicMinor_2_60_iPad_Correct.txt */,
			);
			name = Good;
			sourceTree = "<group>";
		};
		79E8AF3B2BEE24A600C2D5B3 /* MusicStaff */ = {
			isa = PBXGroup;
			children = (
				7970138E2BEE3DF2009F85D6 /* View */,
				7970138D2BEE3DE0009F85D6 /* Model */,
			);
			path = MusicStaff;
			sourceTree = "<group>";
		};
/* End PBXGroup section */

/* Begin PBXNativeTarget section */
		79DA82112BCCE95F008AC492 /* ScalesTrainer */ = {
			isa = PBXNativeTarget;
			buildConfigurationList = 79DA82202BCCE960008AC492 /* Build configuration list for PBXNativeTarget "ScalesTrainer" */;
			buildPhases = (
				79DA820E2BCCE95F008AC492 /* Sources */,
				79DA820F2BCCE95F008AC492 /* Frameworks */,
				79DA82102BCCE95F008AC492 /* Resources */,
			);
			buildRules = (
			);
			dependencies = (
			);
			name = ScalesTrainer;
			packageProductDependencies = (
				79DA82272BCCEB70008AC492 /* AudioKit */,
				79DA822A2BCCEB8B008AC492 /* AudioKitUI */,
				79DA82352BCCF260008AC492 /* AudioKitEX */,
				794D49522BCD28CC0005A173 /* SoundpipeAudioKit */,
			);
			productName = ScalesTrainer;
			productReference = 79DA82122BCCE95F008AC492 /* ScalesTrainer.app */;
			productType = "com.apple.product-type.application";
		};
/* End PBXNativeTarget section */

/* Begin PBXProject section */
		79DA820A2BCCE95F008AC492 /* Project object */ = {
			isa = PBXProject;
			attributes = {
				BuildIndependentTargetsInParallel = 1;
				LastSwiftUpdateCheck = 1520;
				LastUpgradeCheck = 1520;
				TargetAttributes = {
					79DA82112BCCE95F008AC492 = {
						CreatedOnToolsVersion = 15.2;
					};
				};
			};
			buildConfigurationList = 79DA820D2BCCE95F008AC492 /* Build configuration list for PBXProject "ScalesTrainer" */;
			compatibilityVersion = "Xcode 14.0";
			developmentRegion = en;
			hasScannedForEncodings = 0;
			knownRegions = (
				en,
				Base,
				"zh-HK",
				hi,
				"zh-Hans",
			);
			mainGroup = 79DA82092BCCE95F008AC492;
			packageReferences = (
				79DA82262BCCEB70008AC492 /* XCRemoteSwiftPackageReference "AudioKit" */,
				79DA82292BCCEB8B008AC492 /* XCRemoteSwiftPackageReference "AudioKitUI" */,
				79DA82342BCCF260008AC492 /* XCRemoteSwiftPackageReference "AudioKitEX" */,
				794D49512BCD28CC0005A173 /* XCRemoteSwiftPackageReference "SoundpipeAudioKit" */,
			);
			productRefGroup = 79DA82132BCCE95F008AC492 /* Products */;
			projectDirPath = "";
			projectRoot = "";
			targets = (
				79DA82112BCCE95F008AC492 /* ScalesTrainer */,
			);
		};
/* End PBXProject section */

/* Begin PBXResourcesBuildPhase section */
		79DA82102BCCE95F008AC492 /* Resources */ = {
			isa = PBXResourcesBuildPhase;
			buildActionMask = 2147483647;
			files = (
				799FC1542BE702A800BB0969 /* 05_05_C_Major_1_60_iPad_5.txt in Resources */,
				799FC14B2BE702A800BB0969 /* 05_05_C_MelodicMinor_1_60_iPad_Desc.txt in Resources */,
				799FC1512BE702A800BB0969 /* 05_05_C_MelodicMinor_1_60_iPad_Good.txt in Resources */,
				799FC1502BE702A800BB0969 /* 05_05_C_MelodicMinor_2_60_iPad_Good.txt in Resources */,
				79DA821D2BCCE960008AC492 /* Preview Assets.xcassets in Resources */,
				794D494C2BCD16E60005A173 /* akai_steinway.sf2 in Resources */,
				799FC1122BE6F9CB00BB0969 /* 05_02_C_MelodicMinor_2_60_iPad.txt in Resources */,
				799FC10E2BE6F9CB00BB0969 /* 05_02_C_Major_2_60_iPad 2.txt in Resources */,
				79E0E6242BF5D51D003FE95B /* 05_16_17_37_C_MelodicMinor_1_60_iPad_2,3,2,4_7.txt in Resources */,
				799FC14D2BE702A800BB0969 /* 05_05_C_Major_2_60_iPad_Asc.txt in Resources */,
				79DA821A2BCCE960008AC492 /* Assets.xcassets in Resources */,
				799FC1562BE702A800BB0969 /* 05_05_C_MelodicMinor_2_60_iPad_14.txt in Resources */,
				79E8AF302BEC9BF200C2D5B3 /* 05_09_C_Major_3_48_iPad_0.txt in Resources */,
				79BF6BC12BCDF60D0092CDDF /* 1_octave_slow.m4a in Resources */,
				79E8AF392BEC9BF200C2D5B3 /* 05_09_A♭_Major_3_44_iPad_2.txt in Resources */,
				799FC1112BE6F9CB00BB0969 /* 05_02_A♭_MelodicMinor_2_56_iPad.txt in Resources */,
				79E8AF2C2BEC9BF200C2D5B3 /* 05_09_C_HarmonicMinor_2_60_iPad_4.txt in Resources */,
				799FC14F2BE702A800BB0969 /* 05_05_C_Major_1_60_iPad_Asc.txt in Resources */,
				79E8AF342BEC9BF200C2D5B3 /* 05_09_C_MelodicMinor_3_48_iPad_6.txt in Resources */,
				79E8AF372BEC9BF200C2D5B3 /* 05_09_C_Major_4_48_iPad_0.txt in Resources */,
				799FC1392BE6FFC700BB0969 /* 05_05_C_Minor_1_60_iPad.txt in Resources */,
				795503C12BDF88A1002D7C1D /* metronome_mechanical_low.aiff in Resources */,
				79E8AF362BEC9BF200C2D5B3 /* 05_09_C_HarmonicMinor_2_60_iPad_3.txt in Resources */,
				799FC1102BE6F9CB00BB0969 /* 05_02_C_Minor_2_60_iPad.txt in Resources */,
				799FC1132BE6F9CB00BB0969 /* 05_02_C_Major_2_60_iPad.txt in Resources */,
				79E8AF322BEC9BF200C2D5B3 /* 05_09_C_MelodicMinor_3_48_iPad_1.txt in Resources */,
				799FC14C2BE702A800BB0969 /* 05_05_C_MelodicMinor_2_60_iPad_Desc.txt in Resources */,
				79E8AF352BEC9BF200C2D5B3 /* 05_09_C_HarmonicMinor_2_60_iPad_Correct.txt in Resources */,
				79552FC52BDBB41100A27531 /* Home_3_60.m4a in Resources */,
				799FC1552BE702A800BB0969 /* 05_05_C_Major_1_60_iPad_Desc.txt in Resources */,
				79E8AF2B2BEC9BF200C2D5B3 /* 05_09_C_Major_2_60_iPad_0.txt in Resources */,
				799FC10F2BE6F9CB00BB0969 /* 05_02_C_Major_4_48_iPad.txt in Resources */,
				799FC1372BE6FFC700BB0969 /* 05_05_C_Major_1_60_iPad_6.txt in Resources */,
				799FC1532BE702A800BB0969 /* 05_05_C_MelodicMinor_1_60_iPad_Asc.txt in Resources */,
				799FC1382BE6FFC700BB0969 /* 05_05_C_Major_1_60_iPad_7.txt in Resources */,
				79E8AF312BEC9BF200C2D5B3 /* 05_09_C_Minor_3_48_iPad_8.txt in Resources */,
				790C738F2BEF99D500609C48 /* Localizable.xcstrings in Resources */,
				799FC1572BE702A800BB0969 /* 05_05_C_Major_2_60_iPad_Good.txt in Resources */,
				79E8AF332BEC9BF200C2D5B3 /* 05_09_C_MelodicMinor_3_48_iPad_2.txt in Resources */,
				795503C22BDF88A1002D7C1D /* metronome_mechanical_high.aiff in Resources */,
				79552FC62BDBB41100A27531 /* Home_4_48.m4a in Resources */,
				799FC1522BE702A800BB0969 /* 05_05_C_MelodicMinor_2_60_iPad_Asc.txt in Resources */,
				799FC14E2BE702A800BB0969 /* 05_05_C_Major_2_60_iPad_Desc.txt in Resources */,
				79552FC42BDBB41100A27531 /* Home_2_60.m4a in Resources */,
				799FC13B2BE6FFC700BB0969 /* 05_05_C_Major_3_48_iPad_Good.txt in Resources */,
				79E8AF2D2BEC9BF200C2D5B3 /* 05_09_C_Major_3_48_iPad_MISREAD_63.txt in Resources */,
				79552FC32BDBB41100A27531 /* Home_1_60.m4a in Resources */,
				799FC1352BE6FFC700BB0969 /* 05_05_C_Major_1_60_iPad_4.txt in Resources */,
				79E8AF2F2BEC9BF200C2D5B3 /* 05_09_C_Major_2_60_iPad_Arpeggio.txt in Resources */,
				799FC10D2BE6F9CB00BB0969 /* 05_02_C_Major_1_60_iPad.txt in Resources */,
				79E8AF2A2BEC9BF200C2D5B3 /* 05_09_D_Major_3_50_iPad_Desc.txt in Resources */,
				799FC13C2BE6FFC700BB0969 /* 05_05_C_Major_1_60_iPad_Good.txt in Resources */,
			);
			runOnlyForDeploymentPostprocessing = 0;
		};
/* End PBXResourcesBuildPhase section */

/* Begin PBXSourcesBuildPhase section */
		79DA820E2BCCE95F008AC492 /* Sources */ = {
			isa = PBXSourcesBuildPhase;
			buildActionMask = 2147483647;
			files = (
				7942FAA52BE24E5A00658E39 /* TapEvents.swift in Sources */,
				793D6E582BD66F730012F701 /* Metronome.swift in Sources */,
				794D495A2BCD29610005A173 /* Scale.swift in Sources */,
				797013942BEE3E45009F85D6 /* ScoreView.swift in Sources */,
				794D495C2BCD29DF0005A173 /* Util.swift in Sources */,
				79DA82252BCCEAA0008AC492 /* ScalesView.swift in Sources */,
				7943AE622BD653AF00E94AC7 /* SpriteKitAudio.swift in Sources */,
				79D7C29E2BD1122900AE0B24 /* PianoKeyboardModel.swift in Sources */,
				797013982BEE3E45009F85D6 /* TimeSliceView.swift in Sources */,
				797013872BEE36E2009F85D6 /* KeySignature.swift in Sources */,
				797013862BEE36E2009F85D6 /* StaffNote.swift in Sources */,
				79D7C2A22BD1133C00AE0B24 /* PianoKeyboardView.swift in Sources */,
				79552FB62BDB975D00A27531 /* ResultView.swift in Sources */,
				790D5A252BD2319C00C31A8F /* CalibrationView.swift in Sources */,
				79D7C2AC2BD1179B00AE0B24 /* ClassicStyle.swift in Sources */,
				79CF5D722BEE46C900454BB6 /* SettingsView.swift in Sources */,
				797013842BEE36E2009F85D6 /* Score.swift in Sources */,
				79D7C2A62BD1167D00AE0B24 /* PianoKeyModel.swift in Sources */,
				797013962BEE3E45009F85D6 /* StaffView.swift in Sources */,
				794D49562BCD29090005A173 /* TapHandler.swift in Sources */,
				797013882BEE36E2009F85D6 /* StaffKey.swift in Sources */,
				7967099F2BD791F90029E7ED /* CommonUI.swift in Sources */,
				794D49582BCD29390005A173 /* ScaleMatcher.swift in Sources */,
				794D49502BCD28AC0005A173 /* AudioManager.swift in Sources */,
				79D7C2952BD0F1BF00AE0B24 /* LogViewer.swift in Sources */,
				794D49482BCD15AE0005A173 /* Logger.swift in Sources */,
				797013972BEE3E45009F85D6 /* StemView.swift in Sources */,
				796C76EA2BD3774400DF2DA9 /* SpeechManager.swift in Sources */,
				79D7C2A02BD112FF00AE0B24 /* NoteName.swift in Sources */,
				79D7C2A82BD116E300AE0B24 /* RoundedCornersShape.swift in Sources */,
				793D6E562BD65E4F0012F701 /* MetronomeView.swift in Sources */,
				7970138A2BEE36E2009F85D6 /* TimeSignature.swift in Sources */,
				79D7C2AA2BD1171200AE0B24 /* TouchesView.swift in Sources */,
				79CF5D702BEE426B00454BB6 /* Staff.swift in Sources */,
				79D7C2972BD10DB500AE0B24 /* Key.swift in Sources */,
				79D7C2932BCFD57600AE0B24 /* ScalesModel.swift in Sources */,
				79DA82162BCCE95F008AC492 /* ScalesTrainerApp.swift in Sources */,
				797013952BEE3E45009F85D6 /* ScoreEntriesView.swift in Sources */,
				797013892BEE36E2009F85D6 /* TimeSlice.swift in Sources */,
			);
			runOnlyForDeploymentPostprocessing = 0;
		};
/* End PBXSourcesBuildPhase section */

/* Begin XCBuildConfiguration section */
		79DA821E2BCCE960008AC492 /* Debug */ = {
			isa = XCBuildConfiguration;
			buildSettings = {
				ALWAYS_SEARCH_USER_PATHS = NO;
				ASSETCATALOG_COMPILER_GENERATE_SWIFT_ASSET_SYMBOL_EXTENSIONS = YES;
				CLANG_ANALYZER_NONNULL = YES;
				CLANG_ANALYZER_NUMBER_OBJECT_CONVERSION = YES_AGGRESSIVE;
				CLANG_CXX_LANGUAGE_STANDARD = "gnu++20";
				CLANG_ENABLE_MODULES = YES;
				CLANG_ENABLE_OBJC_ARC = YES;
				CLANG_ENABLE_OBJC_WEAK = YES;
				CLANG_WARN_BLOCK_CAPTURE_AUTORELEASING = YES;
				CLANG_WARN_BOOL_CONVERSION = YES;
				CLANG_WARN_COMMA = YES;
				CLANG_WARN_CONSTANT_CONVERSION = YES;
				CLANG_WARN_DEPRECATED_OBJC_IMPLEMENTATIONS = YES;
				CLANG_WARN_DIRECT_OBJC_ISA_USAGE = YES_ERROR;
				CLANG_WARN_DOCUMENTATION_COMMENTS = YES;
				CLANG_WARN_EMPTY_BODY = YES;
				CLANG_WARN_ENUM_CONVERSION = YES;
				CLANG_WARN_INFINITE_RECURSION = YES;
				CLANG_WARN_INT_CONVERSION = YES;
				CLANG_WARN_NON_LITERAL_NULL_CONVERSION = YES;
				CLANG_WARN_OBJC_IMPLICIT_RETAIN_SELF = YES;
				CLANG_WARN_OBJC_LITERAL_CONVERSION = YES;
				CLANG_WARN_OBJC_ROOT_CLASS = YES_ERROR;
				CLANG_WARN_QUOTED_INCLUDE_IN_FRAMEWORK_HEADER = YES;
				CLANG_WARN_RANGE_LOOP_ANALYSIS = YES;
				CLANG_WARN_STRICT_PROTOTYPES = YES;
				CLANG_WARN_SUSPICIOUS_MOVE = YES;
				CLANG_WARN_UNGUARDED_AVAILABILITY = YES_AGGRESSIVE;
				CLANG_WARN_UNREACHABLE_CODE = YES;
				CLANG_WARN__DUPLICATE_METHOD_MATCH = YES;
				COPY_PHASE_STRIP = NO;
				DEBUG_INFORMATION_FORMAT = dwarf;
				ENABLE_STRICT_OBJC_MSGSEND = YES;
				ENABLE_TESTABILITY = YES;
				ENABLE_USER_SCRIPT_SANDBOXING = YES;
				GCC_C_LANGUAGE_STANDARD = gnu17;
				GCC_DYNAMIC_NO_PIC = NO;
				GCC_NO_COMMON_BLOCKS = YES;
				GCC_OPTIMIZATION_LEVEL = 0;
				GCC_PREPROCESSOR_DEFINITIONS = (
					"DEBUG=1",
					"$(inherited)",
				);
				GCC_WARN_64_TO_32_BIT_CONVERSION = YES;
				GCC_WARN_ABOUT_RETURN_TYPE = YES_ERROR;
				GCC_WARN_UNDECLARED_SELECTOR = YES;
				GCC_WARN_UNINITIALIZED_AUTOS = YES_AGGRESSIVE;
				GCC_WARN_UNUSED_FUNCTION = YES;
				GCC_WARN_UNUSED_VARIABLE = YES;
				IPHONEOS_DEPLOYMENT_TARGET = 17.2;
				LOCALIZATION_PREFERS_STRING_CATALOGS = YES;
				MTL_ENABLE_DEBUG_INFO = INCLUDE_SOURCE;
				MTL_FAST_MATH = YES;
				ONLY_ACTIVE_ARCH = YES;
				SDKROOT = iphoneos;
				SWIFT_ACTIVE_COMPILATION_CONDITIONS = "DEBUG $(inherited)";
				SWIFT_OPTIMIZATION_LEVEL = "-Onone";
			};
			name = Debug;
		};
		79DA821F2BCCE960008AC492 /* Release */ = {
			isa = XCBuildConfiguration;
			buildSettings = {
				ALWAYS_SEARCH_USER_PATHS = NO;
				ASSETCATALOG_COMPILER_GENERATE_SWIFT_ASSET_SYMBOL_EXTENSIONS = YES;
				CLANG_ANALYZER_NONNULL = YES;
				CLANG_ANALYZER_NUMBER_OBJECT_CONVERSION = YES_AGGRESSIVE;
				CLANG_CXX_LANGUAGE_STANDARD = "gnu++20";
				CLANG_ENABLE_MODULES = YES;
				CLANG_ENABLE_OBJC_ARC = YES;
				CLANG_ENABLE_OBJC_WEAK = YES;
				CLANG_WARN_BLOCK_CAPTURE_AUTORELEASING = YES;
				CLANG_WARN_BOOL_CONVERSION = YES;
				CLANG_WARN_COMMA = YES;
				CLANG_WARN_CONSTANT_CONVERSION = YES;
				CLANG_WARN_DEPRECATED_OBJC_IMPLEMENTATIONS = YES;
				CLANG_WARN_DIRECT_OBJC_ISA_USAGE = YES_ERROR;
				CLANG_WARN_DOCUMENTATION_COMMENTS = YES;
				CLANG_WARN_EMPTY_BODY = YES;
				CLANG_WARN_ENUM_CONVERSION = YES;
				CLANG_WARN_INFINITE_RECURSION = YES;
				CLANG_WARN_INT_CONVERSION = YES;
				CLANG_WARN_NON_LITERAL_NULL_CONVERSION = YES;
				CLANG_WARN_OBJC_IMPLICIT_RETAIN_SELF = YES;
				CLANG_WARN_OBJC_LITERAL_CONVERSION = YES;
				CLANG_WARN_OBJC_ROOT_CLASS = YES_ERROR;
				CLANG_WARN_QUOTED_INCLUDE_IN_FRAMEWORK_HEADER = YES;
				CLANG_WARN_RANGE_LOOP_ANALYSIS = YES;
				CLANG_WARN_STRICT_PROTOTYPES = YES;
				CLANG_WARN_SUSPICIOUS_MOVE = YES;
				CLANG_WARN_UNGUARDED_AVAILABILITY = YES_AGGRESSIVE;
				CLANG_WARN_UNREACHABLE_CODE = YES;
				CLANG_WARN__DUPLICATE_METHOD_MATCH = YES;
				COPY_PHASE_STRIP = NO;
				DEBUG_INFORMATION_FORMAT = "dwarf-with-dsym";
				ENABLE_NS_ASSERTIONS = NO;
				ENABLE_STRICT_OBJC_MSGSEND = YES;
				ENABLE_USER_SCRIPT_SANDBOXING = YES;
				GCC_C_LANGUAGE_STANDARD = gnu17;
				GCC_NO_COMMON_BLOCKS = YES;
				GCC_WARN_64_TO_32_BIT_CONVERSION = YES;
				GCC_WARN_ABOUT_RETURN_TYPE = YES_ERROR;
				GCC_WARN_UNDECLARED_SELECTOR = YES;
				GCC_WARN_UNINITIALIZED_AUTOS = YES_AGGRESSIVE;
				GCC_WARN_UNUSED_FUNCTION = YES;
				GCC_WARN_UNUSED_VARIABLE = YES;
				IPHONEOS_DEPLOYMENT_TARGET = 17.2;
				LOCALIZATION_PREFERS_STRING_CATALOGS = YES;
				MTL_ENABLE_DEBUG_INFO = NO;
				MTL_FAST_MATH = YES;
				SDKROOT = iphoneos;
				SWIFT_COMPILATION_MODE = wholemodule;
				VALIDATE_PRODUCT = YES;
			};
			name = Release;
		};
		79DA82212BCCE960008AC492 /* Debug */ = {
			isa = XCBuildConfiguration;
			buildSettings = {
				ASSETCATALOG_COMPILER_APPICON_NAME = AppIcon;
				ASSETCATALOG_COMPILER_GLOBAL_ACCENT_COLOR_NAME = AccentColor;
				CODE_SIGN_STYLE = Automatic;
				CURRENT_PROJECT_VERSION = 1;
				DEVELOPMENT_ASSET_PATHS = "\"ScalesTrainer/Preview Content\"";
				DEVELOPMENT_TEAM = X9VDGR7PQ7;
				ENABLE_PREVIEWS = YES;
				GENERATE_INFOPLIST_FILE = YES;
				INFOPLIST_FILE = ScalesTrainer/Info.plist;
				INFOPLIST_KEY_LSApplicationCategoryType = "";
				INFOPLIST_KEY_NSMicrophoneUsageDescription = "Scales Trainer needs access to your microphone to hear you play";
				INFOPLIST_KEY_NSSpeechRecognitionUsageDescription = "Scales Trainer listens to your words to execute its commands";
				INFOPLIST_KEY_UIApplicationSceneManifest_Generation = YES;
				INFOPLIST_KEY_UIApplicationSupportsIndirectInputEvents = YES;
				INFOPLIST_KEY_UILaunchScreen_Generation = YES;
				INFOPLIST_KEY_UISupportedInterfaceOrientations = "UIInterfaceOrientationPortrait UIInterfaceOrientationPortraitUpsideDown";
				IPHONEOS_DEPLOYMENT_TARGET = 17.0;
				LD_RUNPATH_SEARCH_PATHS = (
					"$(inherited)",
					"@executable_path/Frameworks",
				);
				MARKETING_VERSION = 1.0;
				PRODUCT_BUNDLE_IDENTIFIER = com.musicmastereducation.ScalesTrainer;
				PRODUCT_NAME = "$(TARGET_NAME)";
				SWIFT_EMIT_LOC_STRINGS = YES;
				SWIFT_VERSION = 5.0;
				TARGETED_DEVICE_FAMILY = "1,2";
			};
			name = Debug;
		};
		79DA82222BCCE960008AC492 /* Release */ = {
			isa = XCBuildConfiguration;
			buildSettings = {
				ASSETCATALOG_COMPILER_APPICON_NAME = AppIcon;
				ASSETCATALOG_COMPILER_GLOBAL_ACCENT_COLOR_NAME = AccentColor;
				CODE_SIGN_STYLE = Automatic;
				CURRENT_PROJECT_VERSION = 1;
				DEVELOPMENT_ASSET_PATHS = "\"ScalesTrainer/Preview Content\"";
				DEVELOPMENT_TEAM = X9VDGR7PQ7;
				ENABLE_PREVIEWS = YES;
				GENERATE_INFOPLIST_FILE = YES;
				INFOPLIST_FILE = ScalesTrainer/Info.plist;
				INFOPLIST_KEY_LSApplicationCategoryType = "";
				INFOPLIST_KEY_NSMicrophoneUsageDescription = "Scales Trainer needs access to your microphone to hear you play";
				INFOPLIST_KEY_NSSpeechRecognitionUsageDescription = "Scales Trainer listens to your words to execute its commands";
				INFOPLIST_KEY_UIApplicationSceneManifest_Generation = YES;
				INFOPLIST_KEY_UIApplicationSupportsIndirectInputEvents = YES;
				INFOPLIST_KEY_UILaunchScreen_Generation = YES;
				INFOPLIST_KEY_UISupportedInterfaceOrientations = "UIInterfaceOrientationPortrait UIInterfaceOrientationPortraitUpsideDown";
				IPHONEOS_DEPLOYMENT_TARGET = 17.0;
				LD_RUNPATH_SEARCH_PATHS = (
					"$(inherited)",
					"@executable_path/Frameworks",
				);
				MARKETING_VERSION = 1.0;
				PRODUCT_BUNDLE_IDENTIFIER = com.musicmastereducation.ScalesTrainer;
				PRODUCT_NAME = "$(TARGET_NAME)";
				SWIFT_EMIT_LOC_STRINGS = YES;
				SWIFT_VERSION = 5.0;
				TARGETED_DEVICE_FAMILY = "1,2";
			};
			name = Release;
		};
/* End XCBuildConfiguration section */

/* Begin XCConfigurationList section */
		79DA820D2BCCE95F008AC492 /* Build configuration list for PBXProject "ScalesTrainer" */ = {
			isa = XCConfigurationList;
			buildConfigurations = (
				79DA821E2BCCE960008AC492 /* Debug */,
				79DA821F2BCCE960008AC492 /* Release */,
			);
			defaultConfigurationIsVisible = 0;
			defaultConfigurationName = Release;
		};
		79DA82202BCCE960008AC492 /* Build configuration list for PBXNativeTarget "ScalesTrainer" */ = {
			isa = XCConfigurationList;
			buildConfigurations = (
				79DA82212BCCE960008AC492 /* Debug */,
				79DA82222BCCE960008AC492 /* Release */,
			);
			defaultConfigurationIsVisible = 0;
			defaultConfigurationName = Release;
		};
/* End XCConfigurationList section */

/* Begin XCRemoteSwiftPackageReference section */
		794D49512BCD28CC0005A173 /* XCRemoteSwiftPackageReference "SoundpipeAudioKit" */ = {
			isa = XCRemoteSwiftPackageReference;
			repositoryURL = "https://github.com/AudioKit/SoundpipeAudioKit.git";
			requirement = {
				kind = upToNextMajorVersion;
				minimumVersion = 5.6.1;
			};
		};
		79DA82262BCCEB70008AC492 /* XCRemoteSwiftPackageReference "AudioKit" */ = {
			isa = XCRemoteSwiftPackageReference;
			repositoryURL = "https://github.com/AudioKit/AudioKit.git";
			requirement = {
				kind = upToNextMajorVersion;
				minimumVersion = 5.6.3;
			};
		};
		79DA82292BCCEB8B008AC492 /* XCRemoteSwiftPackageReference "AudioKitUI" */ = {
			isa = XCRemoteSwiftPackageReference;
			repositoryURL = "https://github.com/AudioKit/AudioKitUI.git";
			requirement = {
				kind = upToNextMajorVersion;
				minimumVersion = 0.3.7;
			};
		};
		79DA82342BCCF260008AC492 /* XCRemoteSwiftPackageReference "AudioKitEX" */ = {
			isa = XCRemoteSwiftPackageReference;
			repositoryURL = "https://github.com/AudioKit/AudioKitEX.git";
			requirement = {
				kind = upToNextMajorVersion;
				minimumVersion = 5.6.0;
			};
		};
/* End XCRemoteSwiftPackageReference section */

/* Begin XCSwiftPackageProductDependency section */
		794D49522BCD28CC0005A173 /* SoundpipeAudioKit */ = {
			isa = XCSwiftPackageProductDependency;
			package = 794D49512BCD28CC0005A173 /* XCRemoteSwiftPackageReference "SoundpipeAudioKit" */;
			productName = SoundpipeAudioKit;
		};
		79DA82272BCCEB70008AC492 /* AudioKit */ = {
			isa = XCSwiftPackageProductDependency;
			package = 79DA82262BCCEB70008AC492 /* XCRemoteSwiftPackageReference "AudioKit" */;
			productName = AudioKit;
		};
		79DA822A2BCCEB8B008AC492 /* AudioKitUI */ = {
			isa = XCSwiftPackageProductDependency;
			package = 79DA82292BCCEB8B008AC492 /* XCRemoteSwiftPackageReference "AudioKitUI" */;
			productName = AudioKitUI;
		};
		79DA82352BCCF260008AC492 /* AudioKitEX */ = {
			isa = XCSwiftPackageProductDependency;
			package = 79DA82342BCCF260008AC492 /* XCRemoteSwiftPackageReference "AudioKitEX" */;
			productName = AudioKitEX;
		};
/* End XCSwiftPackageProductDependency section */
	};
	rootObject = 79DA820A2BCCE95F008AC492 /* Project object */;
}
