// !$*UTF8*$!
{
	archiveVersion = 1;
	classes = {
	};
	objectVersion = 56;
	objects = {

/* Begin PBXBuildFile section */
		790537052C47319600AC794D /* PracticeChartView.swift in Sources */ = {isa = PBXBuildFile; fileRef = 790537042C47319600AC794D /* PracticeChartView.swift */; };
		7906240A2C374F5D005A6A3E /* EmailView.swift in Sources */ = {isa = PBXBuildFile; fileRef = 790624092C374F5D005A6A3E /* EmailView.swift */; };
		79064CA82D08349C002490A8 /* BadgeBank.swift in Sources */ = {isa = PBXBuildFile; fileRef = 79064CA72D08349C002490A8 /* BadgeBank.swift */; };
		79064CAA2D08ED4E002490A8 /* ExerciseState.swift in Sources */ = {isa = PBXBuildFile; fileRef = 79064CA92D08ED4E002490A8 /* ExerciseState.swift */; };
		79064CAC2D0A9493002490A8 /* TestInputView.swift in Sources */ = {isa = PBXBuildFile; fileRef = 79064CAB2D0A9493002490A8 /* TestInputView.swift */; };
		79064CAE2D0A9EA2002490A8 /* FollowScaleProcess.swift in Sources */ = {isa = PBXBuildFile; fileRef = 79064CAD2D0A9EA2002490A8 /* FollowScaleProcess.swift */; };
		790B1B7B2C8BBD94008245DE /* RecordScaleProcess.swift in Sources */ = {isa = PBXBuildFile; fileRef = 790B1B7A2C8BBD94008245DE /* RecordScaleProcess.swift */; };
		790C738F2BEF99D500609C48 /* Localizable.xcstrings in Resources */ = {isa = PBXBuildFile; fileRef = 790C738E2BEF99D500609C48 /* Localizable.xcstrings */; };
		790F75D22C5BA15C0001F80B /* david_ChateauGrand_polyphone.sf2 in Resources */ = {isa = PBXBuildFile; fileRef = 790F75D12C5BA15C0001F80B /* david_ChateauGrand_polyphone.sf2 */; };
		7910C00C2D605B5D0030928B /* UserDetailsView.swift in Sources */ = {isa = PBXBuildFile; fileRef = 7910C00B2D605B5D0030928B /* UserDetailsView.swift */; };
		791D06612C18086E00D2241D /* Yamaha-Grand-Lite-SF-v1.1.sf2 in Resources */ = {isa = PBXBuildFile; fileRef = 791D06602C18086E00D2241D /* Yamaha-Grand-Lite-SF-v1.1.sf2 */; };
		791F6C312CD18939006BAEBD /* LicenseManagerView.swift in Sources */ = {isa = PBXBuildFile; fileRef = 791F6C302CD18939006BAEBD /* LicenseManagerView.swift */; };
		79312DAB2C0743A7005FDE8B /* IdentifyScalePlayer.swift in Sources */ = {isa = PBXBuildFile; fileRef = 79312DAA2C0743A7005FDE8B /* IdentifyScalePlayer.swift */; };
		79312DAD2C09A13B005FDE8B /* MetronomeTicker.swift in Sources */ = {isa = PBXBuildFile; fileRef = 79312DAC2C09A13B005FDE8B /* MetronomeTicker.swift */; };
		79312DB12C0B2B7E005FDE8B /* ResultView.swift in Sources */ = {isa = PBXBuildFile; fileRef = 79312DB02C0B2B7E005FDE8B /* ResultView.swift */; };
		79312DB32C0D8F96005FDE8B /* TimeSliceEntry.swift in Sources */ = {isa = PBXBuildFile; fileRef = 79312DB22C0D8F96005FDE8B /* TimeSliceEntry.swift */; };
		79312DB52C106D3D005FDE8B /* RecordingIsUnderwayView.swift in Sources */ = {isa = PBXBuildFile; fileRef = 79312DB42C106D3D005FDE8B /* RecordingIsUnderwayView.swift */; };
		79312DB72C118B41005FDE8B /* HelpView.swift in Sources */ = {isa = PBXBuildFile; fileRef = 79312DB62C118B41005FDE8B /* HelpView.swift */; };
		79312DB92C118FFE005FDE8B /* HelpMessages.swift in Sources */ = {isa = PBXBuildFile; fileRef = 79312DB82C118FFE005FDE8B /* HelpMessages.swift */; };
		793D6E582BD66F730012F701 /* Metronome.swift in Sources */ = {isa = PBXBuildFile; fileRef = 793D6E572BD66F730012F701 /* Metronome.swift */; };
		793EA0FF2D12B790007CAAD7 /* MultiThreadingCrashes in Resources */ = {isa = PBXBuildFile; fileRef = 793EA0FE2D12B790007CAAD7 /* MultiThreadingCrashes */; };
		793ED01C2C5F7D540068278B /* SelectMusicBoardView.swift in Sources */ = {isa = PBXBuildFile; fileRef = 793ED01B2C5F7D540068278B /* SelectMusicBoardView.swift */; };
		7942FAA52BE24E5A00658E39 /* TapEvents.swift in Sources */ = {isa = PBXBuildFile; fileRef = 7942FAA42BE24E5A00658E39 /* TapEvents.swift */; };
		7943AE622BD653AF00E94AC7 /* SpriteKitAudio.swift in Sources */ = {isa = PBXBuildFile; fileRef = 7943AE612BD653AF00E94AC7 /* SpriteKitAudio.swift */; };
		794A9FC52C2B73770001297E /* ScaleIntervals.swift in Sources */ = {isa = PBXBuildFile; fileRef = 794A9FC42C2B73770001297E /* ScaleIntervals.swift */; };
		794A9FC72C2BD24C0001297E /* CoinBankView.swift in Sources */ = {isa = PBXBuildFile; fileRef = 794A9FC62C2BD24C0001297E /* CoinBankView.swift */; };
		794A9FC92C2BFC270001297E /* CoinBank.swift in Sources */ = {isa = PBXBuildFile; fileRef = 794A9FC82C2BFC270001297E /* CoinBank.swift */; };
		794D49482BCD15AE0005A173 /* AppLogger.swift in Sources */ = {isa = PBXBuildFile; fileRef = 794D49472BCD15AE0005A173 /* AppLogger.swift */; };
		794D49502BCD28AC0005A173 /* AudioManager.swift in Sources */ = {isa = PBXBuildFile; fileRef = 794D494F2BCD28AC0005A173 /* AudioManager.swift */; };
		794D49532BCD28CC0005A173 /* SoundpipeAudioKit in Frameworks */ = {isa = PBXBuildFile; productRef = 794D49522BCD28CC0005A173 /* SoundpipeAudioKit */; };
		794D49562BCD29090005A173 /* RealTimeTapHandler.swift in Sources */ = {isa = PBXBuildFile; fileRef = 794D49552BCD29090005A173 /* RealTimeTapHandler.swift */; };
		794D49582BCD29390005A173 /* ScaleMatcher.swift in Sources */ = {isa = PBXBuildFile; fileRef = 794D49572BCD29390005A173 /* ScaleMatcher.swift */; };
		794D495A2BCD29610005A173 /* Scale.swift in Sources */ = {isa = PBXBuildFile; fileRef = 794D49592BCD29610005A173 /* Scale.swift */; };
		794D495C2BCD29DF0005A173 /* Util.swift in Sources */ = {isa = PBXBuildFile; fileRef = 794D495B2BCD29DF0005A173 /* Util.swift */; };
		795503C12BDF88A1002D7C1D /* metronome_mechanical_low.aiff in Resources */ = {isa = PBXBuildFile; fileRef = 795503BF2BDF88A1002D7C1D /* metronome_mechanical_low.aiff */; };
		795503C22BDF88A1002D7C1D /* metronome_mechanical_high.aiff in Resources */ = {isa = PBXBuildFile; fileRef = 795503C02BDF88A1002D7C1D /* metronome_mechanical_high.aiff */; };
		79552FB62BDB975D00A27531 /* Result.swift in Sources */ = {isa = PBXBuildFile; fileRef = 79552FB52BDB975D00A27531 /* Result.swift */; };
		79552FC32BDBB41100A27531 /* Home_1_60.m4a in Resources */ = {isa = PBXBuildFile; fileRef = 79552FBF2BDBB41100A27531 /* Home_1_60.m4a */; };
		79552FC42BDBB41100A27531 /* Home_2_60.m4a in Resources */ = {isa = PBXBuildFile; fileRef = 79552FC02BDBB41100A27531 /* Home_2_60.m4a */; };
		79552FC52BDBB41100A27531 /* Home_3_60.m4a in Resources */ = {isa = PBXBuildFile; fileRef = 79552FC12BDBB41100A27531 /* Home_3_60.m4a */; };
		79552FC62BDBB41100A27531 /* Home_4_48.m4a in Resources */ = {isa = PBXBuildFile; fileRef = 79552FC22BDBB41100A27531 /* Home_4_48.m4a */; };
		79566AD62CB9259C00581A57 /* BackingChords.swift in Sources */ = {isa = PBXBuildFile; fileRef = 79566AD52CB9259C00581A57 /* BackingChords.swift */; };
		7967099F2BD791F90029E7ED /* CommonUI.swift in Sources */ = {isa = PBXBuildFile; fileRef = 7967099E2BD791F90029E7ED /* CommonUI.swift */; };
		796C76EA2BD3774400DF2DA9 /* SpeechManager.swift in Sources */ = {isa = PBXBuildFile; fileRef = 796C76E92BD3774400DF2DA9 /* SpeechManager.swift */; };
		796F26792C1431E700853A21 /* HearScalePlayer.swift in Sources */ = {isa = PBXBuildFile; fileRef = 796F26782C1431E700853A21 /* HearScalePlayer.swift */; };
		797013842BEE36E2009F85D6 /* Score.swift in Sources */ = {isa = PBXBuildFile; fileRef = 7970137C2BEE36E1009F85D6 /* Score.swift */; };
		797013862BEE36E2009F85D6 /* StaffNote.swift in Sources */ = {isa = PBXBuildFile; fileRef = 7970137E2BEE36E1009F85D6 /* StaffNote.swift */; };
		797013872BEE36E2009F85D6 /* KeySignature.swift in Sources */ = {isa = PBXBuildFile; fileRef = 7970137F2BEE36E1009F85D6 /* KeySignature.swift */; };
		797013882BEE36E2009F85D6 /* StaffKey.swift in Sources */ = {isa = PBXBuildFile; fileRef = 797013802BEE36E1009F85D6 /* StaffKey.swift */; };
		797013892BEE36E2009F85D6 /* TimeSlice.swift in Sources */ = {isa = PBXBuildFile; fileRef = 797013812BEE36E1009F85D6 /* TimeSlice.swift */; };
		7970138A2BEE36E2009F85D6 /* TimeSignature.swift in Sources */ = {isa = PBXBuildFile; fileRef = 797013822BEE36E1009F85D6 /* TimeSignature.swift */; };
		797013942BEE3E45009F85D6 /* ScoreView.swift in Sources */ = {isa = PBXBuildFile; fileRef = 7970138F2BEE3E45009F85D6 /* ScoreView.swift */; };
		797013952BEE3E45009F85D6 /* ScoreEntriesView.swift in Sources */ = {isa = PBXBuildFile; fileRef = 797013902BEE3E45009F85D6 /* ScoreEntriesView.swift */; };
		797013962BEE3E45009F85D6 /* StaffView.swift in Sources */ = {isa = PBXBuildFile; fileRef = 797013912BEE3E45009F85D6 /* StaffView.swift */; };
		797013982BEE3E45009F85D6 /* TimeSliceView.swift in Sources */ = {isa = PBXBuildFile; fileRef = 797013932BEE3E45009F85D6 /* TimeSliceView.swift */; };
		797DBBB22C621FDA009A54C9 /* MIDIModel.swift in Sources */ = {isa = PBXBuildFile; fileRef = 797DBBB12C621FDA009A54C9 /* MIDIModel.swift */; };
		79891CD92D38D278009405C3 /* ScoreTest.swift in Sources */ = {isa = PBXBuildFile; fileRef = 79891CD82D38D278009405C3 /* ScoreTest.swift */; };
		799381772C755F2300734FDE /* SpinWheelView.swift in Sources */ = {isa = PBXBuildFile; fileRef = 799381762C755F2300734FDE /* SpinWheelView.swift */; };
		799381792C75D1A400734FDE /* SettingsView.swift in Sources */ = {isa = PBXBuildFile; fileRef = 799381782C75D1A400734FDE /* SettingsView.swift */; };
		799BE2A82BFF4322004B19F6 /* CalibrationView.swift in Sources */ = {isa = PBXBuildFile; fileRef = 799BE2A72BFF4322004B19F6 /* CalibrationView.swift */; };
		799BE2AA2BFF4EED004B19F6 /* LegendView.swift in Sources */ = {isa = PBXBuildFile; fileRef = 799BE2A92BFF4EED004B19F6 /* LegendView.swift */; };
		799BE2AC2C002B83004B19F6 /* BarChart.swift in Sources */ = {isa = PBXBuildFile; fileRef = 799BE2AB2C002B83004B19F6 /* BarChart.swift */; };
		799BE2AE2C002EF5004B19F6 /* OrientationInfo.swift in Sources */ = {isa = PBXBuildFile; fileRef = 799BE2AD2C002EF5004B19F6 /* OrientationInfo.swift */; };
		799BE2B02C01C66A004B19F6 /* ActivitiesView.swift in Sources */ = {isa = PBXBuildFile; fileRef = 799BE2AF2C01C66A004B19F6 /* ActivitiesView.swift */; };
		799DBF4C2C51175C00E14728 /* TapsEventsAnalyser.swift in Sources */ = {isa = PBXBuildFile; fileRef = 799DBF4B2C51175C00E14728 /* TapsEventsAnalyser.swift */; };
		799DC8422D5190BB007008A5 /* FFTView.swift in Sources */ = {isa = PBXBuildFile; fileRef = 799DC8412D5190BB007008A5 /* FFTView.swift */; };
		79A43A962CFEF73A00D30F4F /* SoundEventHandler.swift in Sources */ = {isa = PBXBuildFile; fileRef = 79A43A952CFEF73A00D30F4F /* SoundEventHandler.swift */; };
		79A6350C2C40895800661B0F /* ScaleTapHandler.swift in Sources */ = {isa = PBXBuildFile; fileRef = 79A6350B2C40895800661B0F /* ScaleTapHandler.swift */; };
		79AF165C2D4E1D18003033E4 /* scale_4_oct.wav in Resources */ = {isa = PBXBuildFile; fileRef = 79AF165B2D4E1D18003033E4 /* scale_4_oct.wav */; };
		79AF165D2D4E1D18003033E4 /* scale_4_oct.wav in Resources */ = {isa = PBXBuildFile; fileRef = 79AF165B2D4E1D18003033E4 /* scale_4_oct.wav */; };
		79B072EE2D37C2D200CD6F2B /* FirebaseAppCheck in Frameworks */ = {isa = PBXBuildFile; productRef = 79B072ED2D37C2D200CD6F2B /* FirebaseAppCheck */; };
		79B072F02D37C2D200CD6F2B /* FirebaseAuth in Frameworks */ = {isa = PBXBuildFile; productRef = 79B072EF2D37C2D200CD6F2B /* FirebaseAuth */; };
		79B072F22D37C2D200CD6F2B /* FirebaseCore in Frameworks */ = {isa = PBXBuildFile; productRef = 79B072F12D37C2D200CD6F2B /* FirebaseCore */; };
		79B072F42D37C2D200CD6F2B /* FirebaseDatabase in Frameworks */ = {isa = PBXBuildFile; productRef = 79B072F32D37C2D200CD6F2B /* FirebaseDatabase */; };
		79B072F62D37C2D200CD6F2B /* FirebaseFirestore in Frameworks */ = {isa = PBXBuildFile; productRef = 79B072F52D37C2D200CD6F2B /* FirebaseFirestore */; };
		79B072F82D37C2D200CD6F2B /* FirebaseStorage in Frameworks */ = {isa = PBXBuildFile; productRef = 79B072F72D37C2D200CD6F2B /* FirebaseStorage */; };
		79B072FA2D37C42000CD6F2B /* GoogleService-Info.plist in Resources */ = {isa = PBXBuildFile; fileRef = 79B072F92D37C42000CD6F2B /* GoogleService-Info.plist */; };
		79B072FE2D37C76D00CD6F2B /* Firebase.swift in Sources */ = {isa = PBXBuildFile; fileRef = 79B072FD2D37C76D00CD6F2B /* Firebase.swift */; };
		79B073022D37C98E00CD6F2B /* Firebase.plist in Resources */ = {isa = PBXBuildFile; fileRef = 79B073012D37C98E00CD6F2B /* Firebase.plist */; };
		79BA2BC52CD387EB00CA68B4 /* GoogleAPI.plist in Resources */ = {isa = PBXBuildFile; fileRef = 79BA2BC42CD387EB00CA68B4 /* GoogleAPI.plist */; };
		79BA2BC72CD3884000CA68B4 /* GoogleAPI.swift in Sources */ = {isa = PBXBuildFile; fileRef = 79BA2BC62CD3884000CA68B4 /* GoogleAPI.swift */; };
		79BCF7F12C265CA6004E26ED /* CalibrationResults.swift in Sources */ = {isa = PBXBuildFile; fileRef = 79BCF7F02C265CA6004E26ED /* CalibrationResults.swift */; };
		79BE842B2C98341E00513CEA /* UprightPianoKW.sf2 in Resources */ = {isa = PBXBuildFile; fileRef = 79BE842A2C98341E00513CEA /* UprightPianoKW.sf2 */; };
		79BF6BC12BCDF60D0092CDDF /* 1_octave_slow.m4a in Resources */ = {isa = PBXBuildFile; fileRef = 79BF6BC02BCDF60D0092CDDF /* 1_octave_slow.m4a */; };
		79C3904C2C1ECEAA00F0A658 /* SpinWheelViewCoins.swift in Sources */ = {isa = PBXBuildFile; fileRef = 79C3904B2C1ECEAA00F0A658 /* SpinWheelViewCoins.swift */; };
		79C390502C20346300F0A658 /* ScalesLibraryView.swift in Sources */ = {isa = PBXBuildFile; fileRef = 79C3904F2C20346300F0A658 /* ScalesLibraryView.swift */; };
		79C65D702CDED7AC00467597 /* StaffClef.swift in Sources */ = {isa = PBXBuildFile; fileRef = 79C65D6F2CDED7AC00467597 /* StaffClef.swift */; };
		79C8ACFC2C11CC7F00770C10 /* FamouseQuotes.swift in Sources */ = {isa = PBXBuildFile; fileRef = 79C8ACFB2C11CC7F00770C10 /* FamouseQuotes.swift */; };
		79C8AD002C127D8400770C10 /* MusicBoardAndGrade.swift in Sources */ = {isa = PBXBuildFile; fileRef = 79C8ACFF2C127D8400770C10 /* MusicBoardAndGrade.swift */; };
		79C8AD022C128F0200770C10 /* PracticeJournalView.swift in Sources */ = {isa = PBXBuildFile; fileRef = 79C8AD012C128F0200770C10 /* PracticeJournalView.swift */; };
		79C979052C1AD4D7001C286F /* TestView.swift in Sources */ = {isa = PBXBuildFile; fileRef = 79C979042C1AD4D7001C286F /* TestView.swift */; };
		79CB56212C599D9F00BB328F /* PracticeChart.swift in Sources */ = {isa = PBXBuildFile; fileRef = 79CB56202C599D9F00BB328F /* PracticeChart.swift */; };
		79CF5D702BEE426B00454BB6 /* Staff.swift in Sources */ = {isa = PBXBuildFile; fileRef = 79CF5D6F2BEE426B00454BB6 /* Staff.swift */; };
		79CF5D722BEE46C900454BB6 /* UserListView.swift in Sources */ = {isa = PBXBuildFile; fileRef = 79CF5D712BEE46C900454BB6 /* UserListView.swift */; };
		79CFA1F02C3808A90018DC8A /* Test.swift in Sources */ = {isa = PBXBuildFile; fileRef = 79CFA1EF2C3808A90018DC8A /* Test.swift */; };
		79D0EEA22CCB5FF600FC1D7C /* FeatureReportView.swift in Sources */ = {isa = PBXBuildFile; fileRef = 79D0EEA12CCB5FF600FC1D7C /* FeatureReportView.swift */; };
		79D7C2932BCFD57600AE0B24 /* ScalesModel.swift in Sources */ = {isa = PBXBuildFile; fileRef = 79D7C2922BCFD57600AE0B24 /* ScalesModel.swift */; };
		79D7C2952BD0F1BF00AE0B24 /* LogViewer.swift in Sources */ = {isa = PBXBuildFile; fileRef = 79D7C2942BD0F1BF00AE0B24 /* LogViewer.swift */; };
		79D7C2972BD10DB500AE0B24 /* ScaleRoot.swift in Sources */ = {isa = PBXBuildFile; fileRef = 79D7C2962BD10DB500AE0B24 /* ScaleRoot.swift */; };
		79D7C29E2BD1122900AE0B24 /* PianoKeyboardModel.swift in Sources */ = {isa = PBXBuildFile; fileRef = 79D7C29D2BD1122900AE0B24 /* PianoKeyboardModel.swift */; };
		79D7C2A02BD112FF00AE0B24 /* NoteName.swift in Sources */ = {isa = PBXBuildFile; fileRef = 79D7C29F2BD112FF00AE0B24 /* NoteName.swift */; };
		79D7C2A22BD1133C00AE0B24 /* PianoKeyboardView.swift in Sources */ = {isa = PBXBuildFile; fileRef = 79D7C2A12BD1133C00AE0B24 /* PianoKeyboardView.swift */; };
		79D7C2A62BD1167D00AE0B24 /* PianoKeyModel.swift in Sources */ = {isa = PBXBuildFile; fileRef = 79D7C2A52BD1167D00AE0B24 /* PianoKeyModel.swift */; };
		79D7C2A82BD116E300AE0B24 /* RoundedCornersShape.swift in Sources */ = {isa = PBXBuildFile; fileRef = 79D7C2A72BD116E300AE0B24 /* RoundedCornersShape.swift */; };
		79D7C2AA2BD1171200AE0B24 /* TouchesView.swift in Sources */ = {isa = PBXBuildFile; fileRef = 79D7C2A92BD1171200AE0B24 /* TouchesView.swift */; };
		79D7C2AC2BD1179B00AE0B24 /* ClassicStyle.swift in Sources */ = {isa = PBXBuildFile; fileRef = 79D7C2AB2BD1179B00AE0B24 /* ClassicStyle.swift */; };
		79D931112CA222760035EA6B /* ScaleTitleView.swift in Sources */ = {isa = PBXBuildFile; fileRef = 79D931102CA222760035EA6B /* ScaleTitleView.swift */; };
		79DA82162BCCE95F008AC492 /* ScalesTrainerApp.swift in Sources */ = {isa = PBXBuildFile; fileRef = 79DA82152BCCE95F008AC492 /* ScalesTrainerApp.swift */; };
		79DA821A2BCCE960008AC492 /* Assets.xcassets in Resources */ = {isa = PBXBuildFile; fileRef = 79DA82192BCCE960008AC492 /* Assets.xcassets */; };
		79DA821D2BCCE960008AC492 /* Preview Assets.xcassets in Resources */ = {isa = PBXBuildFile; fileRef = 79DA821C2BCCE960008AC492 /* Preview Assets.xcassets */; };
		79DA82252BCCEAA0008AC492 /* ScalesView.swift in Sources */ = {isa = PBXBuildFile; fileRef = 79DA82242BCCEAA0008AC492 /* ScalesView.swift */; };
		79DA82282BCCEB70008AC492 /* AudioKit in Frameworks */ = {isa = PBXBuildFile; productRef = 79DA82272BCCEB70008AC492 /* AudioKit */; };
		79DA822B2BCCEB8B008AC492 /* AudioKitUI in Frameworks */ = {isa = PBXBuildFile; productRef = 79DA822A2BCCEB8B008AC492 /* AudioKitUI */; };
		79DA82362BCCF260008AC492 /* AudioKitEX in Frameworks */ = {isa = PBXBuildFile; productRef = 79DA82352BCCF260008AC492 /* AudioKitEX */; };
		79E220EE2C856150004F64D8 /* BadgeView.swift in Sources */ = {isa = PBXBuildFile; fileRef = 79E220ED2C856150004F64D8 /* BadgeView.swift */; };
		79E220F02C858DC4004F64D8 /* LeadScaleProcess.swift in Sources */ = {isa = PBXBuildFile; fileRef = 79E220EF2C858DC4004F64D8 /* LeadScaleProcess.swift */; };
		79EAB8772C8737B400255FC6 /* Notes_General in Resources */ = {isa = PBXBuildFile; fileRef = 79EAB8762C8737B400255FC6 /* Notes_General */; };
		79EAD90A2D180FBE00D5C1D5 /* GPT_Marketing in Resources */ = {isa = PBXBuildFile; fileRef = 79EAD9092D180FBE00D5C1D5 /* GPT_Marketing */; };
		79F3F58C2D5363C700D6BAA3 /* Settings.swift in Sources */ = {isa = PBXBuildFile; fileRef = 79F3F58B2D5363C700D6BAA3 /* Settings.swift */; };
		79F6CD732D13F73D00FF2681 /* BluetoothManager.swift in Sources */ = {isa = PBXBuildFile; fileRef = 79F6CD722D13F73D00FF2681 /* BluetoothManager.swift */; };
		79F6CD752D14020200FF2681 /* MidiNotes in Resources */ = {isa = PBXBuildFile; fileRef = 79F6CD742D14020200FF2681 /* MidiNotes */; };
		79F6CD772D157E2B00FF2681 /* MIDIManager.swift in Sources */ = {isa = PBXBuildFile; fileRef = 79F6CD762D157E2B00FF2681 /* MIDIManager.swift */; };
		79F80E0C2CD4CD6800D636FB /* MIDIView.swift in Sources */ = {isa = PBXBuildFile; fileRef = 79F80E0B2CD4CD6800D636FB /* MIDIView.swift */; };
		818BE01476C1FE1AE16FC5F4 /* Pods_ScalesStar.framework in Frameworks */ = {isa = PBXBuildFile; fileRef = E57CBB52EE896A3B349E6065 /* Pods_ScalesStar.framework */; };
/* End PBXBuildFile section */

/* Begin PBXContainerItemProxy section */
		79891CD32D38D21F009405C3 /* PBXContainerItemProxy */ = {
			isa = PBXContainerItemProxy;
			containerPortal = 79DA820A2BCCE95F008AC492 /* Project object */;
			proxyType = 1;
			remoteGlobalIDString = 79DA82112BCCE95F008AC492;
			remoteInfo = ScalesStar;
		};
/* End PBXContainerItemProxy section */

/* Begin PBXFileReference section */
		0194CE10841F5E19628FC7AD /* Pods-ScalesStar.release.xcconfig */ = {isa = PBXFileReference; includeInIndex = 1; lastKnownFileType = text.xcconfig; name = "Pods-ScalesStar.release.xcconfig"; path = "Target Support Files/Pods-ScalesStar/Pods-ScalesStar.release.xcconfig"; sourceTree = "<group>"; };
		34788DA9720D67F1ED84EFA6 /* Pods-ScalesStar.debug.xcconfig */ = {isa = PBXFileReference; includeInIndex = 1; lastKnownFileType = text.xcconfig; name = "Pods-ScalesStar.debug.xcconfig"; path = "Target Support Files/Pods-ScalesStar/Pods-ScalesStar.debug.xcconfig"; sourceTree = "<group>"; };
		790537042C47319600AC794D /* PracticeChartView.swift */ = {isa = PBXFileReference; lastKnownFileType = sourcecode.swift; path = PracticeChartView.swift; sourceTree = "<group>"; };
		790624092C374F5D005A6A3E /* EmailView.swift */ = {isa = PBXFileReference; lastKnownFileType = sourcecode.swift; path = EmailView.swift; sourceTree = "<group>"; };
		79064CA72D08349C002490A8 /* BadgeBank.swift */ = {isa = PBXFileReference; lastKnownFileType = sourcecode.swift; path = BadgeBank.swift; sourceTree = "<group>"; };
		79064CA92D08ED4E002490A8 /* ExerciseState.swift */ = {isa = PBXFileReference; lastKnownFileType = sourcecode.swift; path = ExerciseState.swift; sourceTree = "<group>"; };
		79064CAB2D0A9493002490A8 /* TestInputView.swift */ = {isa = PBXFileReference; lastKnownFileType = sourcecode.swift; path = TestInputView.swift; sourceTree = "<group>"; };
		79064CAD2D0A9EA2002490A8 /* FollowScaleProcess.swift */ = {isa = PBXFileReference; lastKnownFileType = sourcecode.swift; path = FollowScaleProcess.swift; sourceTree = "<group>"; };
		790B1B7A2C8BBD94008245DE /* RecordScaleProcess.swift */ = {isa = PBXFileReference; lastKnownFileType = sourcecode.swift; path = RecordScaleProcess.swift; sourceTree = "<group>"; };
		790C738E2BEF99D500609C48 /* Localizable.xcstrings */ = {isa = PBXFileReference; lastKnownFileType = text.json.xcstrings; path = Localizable.xcstrings; sourceTree = "<group>"; };
		790F75D12C5BA15C0001F80B /* david_ChateauGrand_polyphone.sf2 */ = {isa = PBXFileReference; lastKnownFileType = file; path = david_ChateauGrand_polyphone.sf2; sourceTree = "<group>"; };
		7910C00B2D605B5D0030928B /* UserDetailsView.swift */ = {isa = PBXFileReference; lastKnownFileType = sourcecode.swift; path = UserDetailsView.swift; sourceTree = "<group>"; };
		791D06602C18086E00D2241D /* Yamaha-Grand-Lite-SF-v1.1.sf2 */ = {isa = PBXFileReference; lastKnownFileType = file; path = "Yamaha-Grand-Lite-SF-v1.1.sf2"; sourceTree = "<group>"; };
		791F6C302CD18939006BAEBD /* LicenseManagerView.swift */ = {isa = PBXFileReference; lastKnownFileType = sourcecode.swift; path = LicenseManagerView.swift; sourceTree = "<group>"; };
		79312DAA2C0743A7005FDE8B /* IdentifyScalePlayer.swift */ = {isa = PBXFileReference; lastKnownFileType = sourcecode.swift; path = IdentifyScalePlayer.swift; sourceTree = "<group>"; };
		79312DAC2C09A13B005FDE8B /* MetronomeTicker.swift */ = {isa = PBXFileReference; lastKnownFileType = sourcecode.swift; path = MetronomeTicker.swift; sourceTree = "<group>"; };
		79312DB02C0B2B7E005FDE8B /* ResultView.swift */ = {isa = PBXFileReference; lastKnownFileType = sourcecode.swift; path = ResultView.swift; sourceTree = "<group>"; };
		79312DB22C0D8F96005FDE8B /* TimeSliceEntry.swift */ = {isa = PBXFileReference; lastKnownFileType = sourcecode.swift; path = TimeSliceEntry.swift; sourceTree = "<group>"; };
		79312DB42C106D3D005FDE8B /* RecordingIsUnderwayView.swift */ = {isa = PBXFileReference; lastKnownFileType = sourcecode.swift; path = RecordingIsUnderwayView.swift; sourceTree = "<group>"; };
		79312DB62C118B41005FDE8B /* HelpView.swift */ = {isa = PBXFileReference; lastKnownFileType = sourcecode.swift; path = HelpView.swift; sourceTree = "<group>"; };
		79312DB82C118FFE005FDE8B /* HelpMessages.swift */ = {isa = PBXFileReference; lastKnownFileType = sourcecode.swift; path = HelpMessages.swift; sourceTree = "<group>"; };
		793D6E572BD66F730012F701 /* Metronome.swift */ = {isa = PBXFileReference; lastKnownFileType = sourcecode.swift; path = Metronome.swift; sourceTree = "<group>"; };
		793EA0FE2D12B790007CAAD7 /* MultiThreadingCrashes */ = {isa = PBXFileReference; lastKnownFileType = text; path = MultiThreadingCrashes; sourceTree = "<group>"; };
		793ED01B2C5F7D540068278B /* SelectMusicBoardView.swift */ = {isa = PBXFileReference; lastKnownFileType = sourcecode.swift; path = SelectMusicBoardView.swift; sourceTree = "<group>"; };
		794180902D40E2E900FE149B /* ScalesStar.entitlements */ = {isa = PBXFileReference; lastKnownFileType = text.plist.entitlements; path = ScalesStar.entitlements; sourceTree = "<group>"; };
		7942FAA42BE24E5A00658E39 /* TapEvents.swift */ = {isa = PBXFileReference; lastKnownFileType = sourcecode.swift; path = TapEvents.swift; sourceTree = "<group>"; };
		7943AE612BD653AF00E94AC7 /* SpriteKitAudio.swift */ = {isa = PBXFileReference; lastKnownFileType = sourcecode.swift; path = SpriteKitAudio.swift; sourceTree = "<group>"; };
		794A9FC42C2B73770001297E /* ScaleIntervals.swift */ = {isa = PBXFileReference; lastKnownFileType = sourcecode.swift; path = ScaleIntervals.swift; sourceTree = "<group>"; };
		794A9FC62C2BD24C0001297E /* CoinBankView.swift */ = {isa = PBXFileReference; lastKnownFileType = sourcecode.swift; path = CoinBankView.swift; sourceTree = "<group>"; };
		794A9FC82C2BFC270001297E /* CoinBank.swift */ = {isa = PBXFileReference; lastKnownFileType = sourcecode.swift; path = CoinBank.swift; sourceTree = "<group>"; };
		794D49472BCD15AE0005A173 /* AppLogger.swift */ = {isa = PBXFileReference; lastKnownFileType = sourcecode.swift; path = AppLogger.swift; sourceTree = "<group>"; };
		794D494F2BCD28AC0005A173 /* AudioManager.swift */ = {isa = PBXFileReference; lastKnownFileType = sourcecode.swift; path = AudioManager.swift; sourceTree = "<group>"; };
		794D49552BCD29090005A173 /* RealTimeTapHandler.swift */ = {isa = PBXFileReference; lastKnownFileType = sourcecode.swift; path = RealTimeTapHandler.swift; sourceTree = "<group>"; };
		794D49572BCD29390005A173 /* ScaleMatcher.swift */ = {isa = PBXFileReference; lastKnownFileType = sourcecode.swift; path = ScaleMatcher.swift; sourceTree = "<group>"; };
		794D49592BCD29610005A173 /* Scale.swift */ = {isa = PBXFileReference; lastKnownFileType = sourcecode.swift; path = Scale.swift; sourceTree = "<group>"; };
		794D495B2BCD29DF0005A173 /* Util.swift */ = {isa = PBXFileReference; lastKnownFileType = sourcecode.swift; path = Util.swift; sourceTree = "<group>"; };
		795503BF2BDF88A1002D7C1D /* metronome_mechanical_low.aiff */ = {isa = PBXFileReference; lastKnownFileType = audio.aiff; path = metronome_mechanical_low.aiff; sourceTree = "<group>"; };
		795503C02BDF88A1002D7C1D /* metronome_mechanical_high.aiff */ = {isa = PBXFileReference; lastKnownFileType = audio.aiff; path = metronome_mechanical_high.aiff; sourceTree = "<group>"; };
		79552FB52BDB975D00A27531 /* Result.swift */ = {isa = PBXFileReference; lastKnownFileType = sourcecode.swift; path = Result.swift; sourceTree = "<group>"; };
		79552FBF2BDBB41100A27531 /* Home_1_60.m4a */ = {isa = PBXFileReference; lastKnownFileType = file; path = Home_1_60.m4a; sourceTree = "<group>"; };
		79552FC02BDBB41100A27531 /* Home_2_60.m4a */ = {isa = PBXFileReference; lastKnownFileType = file; path = Home_2_60.m4a; sourceTree = "<group>"; };
		79552FC12BDBB41100A27531 /* Home_3_60.m4a */ = {isa = PBXFileReference; lastKnownFileType = file; path = Home_3_60.m4a; sourceTree = "<group>"; };
		79552FC22BDBB41100A27531 /* Home_4_48.m4a */ = {isa = PBXFileReference; lastKnownFileType = file; path = Home_4_48.m4a; sourceTree = "<group>"; };
		79566AD52CB9259C00581A57 /* BackingChords.swift */ = {isa = PBXFileReference; lastKnownFileType = sourcecode.swift; path = BackingChords.swift; sourceTree = "<group>"; };
		7967099E2BD791F90029E7ED /* CommonUI.swift */ = {isa = PBXFileReference; lastKnownFileType = sourcecode.swift; path = CommonUI.swift; sourceTree = "<group>"; };
		796C76E92BD3774400DF2DA9 /* SpeechManager.swift */ = {isa = PBXFileReference; lastKnownFileType = sourcecode.swift; path = SpeechManager.swift; sourceTree = "<group>"; };
		796F26782C1431E700853A21 /* HearScalePlayer.swift */ = {isa = PBXFileReference; lastKnownFileType = sourcecode.swift; path = HearScalePlayer.swift; sourceTree = "<group>"; };
		7970137C2BEE36E1009F85D6 /* Score.swift */ = {isa = PBXFileReference; fileEncoding = 4; lastKnownFileType = sourcecode.swift; path = Score.swift; sourceTree = "<group>"; };
		7970137E2BEE36E1009F85D6 /* StaffNote.swift */ = {isa = PBXFileReference; fileEncoding = 4; lastKnownFileType = sourcecode.swift; path = StaffNote.swift; sourceTree = "<group>"; };
		7970137F2BEE36E1009F85D6 /* KeySignature.swift */ = {isa = PBXFileReference; fileEncoding = 4; lastKnownFileType = sourcecode.swift; path = KeySignature.swift; sourceTree = "<group>"; };
		797013802BEE36E1009F85D6 /* StaffKey.swift */ = {isa = PBXFileReference; fileEncoding = 4; lastKnownFileType = sourcecode.swift; path = StaffKey.swift; sourceTree = "<group>"; };
		797013812BEE36E1009F85D6 /* TimeSlice.swift */ = {isa = PBXFileReference; fileEncoding = 4; lastKnownFileType = sourcecode.swift; path = TimeSlice.swift; sourceTree = "<group>"; };
		797013822BEE36E1009F85D6 /* TimeSignature.swift */ = {isa = PBXFileReference; fileEncoding = 4; lastKnownFileType = sourcecode.swift; path = TimeSignature.swift; sourceTree = "<group>"; };
		7970138F2BEE3E45009F85D6 /* ScoreView.swift */ = {isa = PBXFileReference; fileEncoding = 4; lastKnownFileType = sourcecode.swift; path = ScoreView.swift; sourceTree = "<group>"; };
		797013902BEE3E45009F85D6 /* ScoreEntriesView.swift */ = {isa = PBXFileReference; fileEncoding = 4; lastKnownFileType = sourcecode.swift; path = ScoreEntriesView.swift; sourceTree = "<group>"; };
		797013912BEE3E45009F85D6 /* StaffView.swift */ = {isa = PBXFileReference; fileEncoding = 4; lastKnownFileType = sourcecode.swift; path = StaffView.swift; sourceTree = "<group>"; };
		797013932BEE3E45009F85D6 /* TimeSliceView.swift */ = {isa = PBXFileReference; fileEncoding = 4; lastKnownFileType = sourcecode.swift; path = TimeSliceView.swift; sourceTree = "<group>"; };
		797DBBB12C621FDA009A54C9 /* MIDIModel.swift */ = {isa = PBXFileReference; lastKnownFileType = sourcecode.swift; path = MIDIModel.swift; sourceTree = "<group>"; };
		79891CCF2D38D21F009405C3 /* ScalesStarTests1.xctest */ = {isa = PBXFileReference; explicitFileType = wrapper.cfbundle; includeInIndex = 0; path = ScalesStarTests1.xctest; sourceTree = BUILT_PRODUCTS_DIR; };
		79891CD82D38D278009405C3 /* ScoreTest.swift */ = {isa = PBXFileReference; lastKnownFileType = sourcecode.swift; path = ScoreTest.swift; sourceTree = "<group>"; };
		799381762C755F2300734FDE /* SpinWheelView.swift */ = {isa = PBXFileReference; lastKnownFileType = sourcecode.swift; path = SpinWheelView.swift; sourceTree = "<group>"; };
		799381782C75D1A400734FDE /* SettingsView.swift */ = {isa = PBXFileReference; lastKnownFileType = sourcecode.swift; path = SettingsView.swift; sourceTree = "<group>"; };
		799BE2A72BFF4322004B19F6 /* CalibrationView.swift */ = {isa = PBXFileReference; lastKnownFileType = sourcecode.swift; path = CalibrationView.swift; sourceTree = "<group>"; };
		799BE2A92BFF4EED004B19F6 /* LegendView.swift */ = {isa = PBXFileReference; lastKnownFileType = sourcecode.swift; path = LegendView.swift; sourceTree = "<group>"; };
		799BE2AB2C002B83004B19F6 /* BarChart.swift */ = {isa = PBXFileReference; lastKnownFileType = sourcecode.swift; path = BarChart.swift; sourceTree = "<group>"; };
		799BE2AD2C002EF5004B19F6 /* OrientationInfo.swift */ = {isa = PBXFileReference; lastKnownFileType = sourcecode.swift; path = OrientationInfo.swift; sourceTree = "<group>"; };
		799BE2AF2C01C66A004B19F6 /* ActivitiesView.swift */ = {isa = PBXFileReference; lastKnownFileType = sourcecode.swift; path = ActivitiesView.swift; sourceTree = "<group>"; };
		799DBF4B2C51175C00E14728 /* TapsEventsAnalyser.swift */ = {isa = PBXFileReference; lastKnownFileType = sourcecode.swift; path = TapsEventsAnalyser.swift; sourceTree = "<group>"; };
		799DC8412D5190BB007008A5 /* FFTView.swift */ = {isa = PBXFileReference; lastKnownFileType = sourcecode.swift; path = FFTView.swift; sourceTree = "<group>"; };
		79A43A952CFEF73A00D30F4F /* SoundEventHandler.swift */ = {isa = PBXFileReference; lastKnownFileType = sourcecode.swift; path = SoundEventHandler.swift; sourceTree = "<group>"; };
		79A6350B2C40895800661B0F /* ScaleTapHandler.swift */ = {isa = PBXFileReference; lastKnownFileType = sourcecode.swift; path = ScaleTapHandler.swift; sourceTree = "<group>"; };
		79AF165B2D4E1D18003033E4 /* scale_4_oct.wav */ = {isa = PBXFileReference; lastKnownFileType = audio.wav; path = scale_4_oct.wav; sourceTree = "<group>"; };
		79B072F92D37C42000CD6F2B /* GoogleService-Info.plist */ = {isa = PBXFileReference; fileEncoding = 4; lastKnownFileType = text.plist.xml; path = "GoogleService-Info.plist"; sourceTree = "<group>"; };
		79B072FD2D37C76D00CD6F2B /* Firebase.swift */ = {isa = PBXFileReference; lastKnownFileType = sourcecode.swift; path = Firebase.swift; sourceTree = "<group>"; };
		79B073012D37C98E00CD6F2B /* Firebase.plist */ = {isa = PBXFileReference; fileEncoding = 4; lastKnownFileType = text.plist.xml; path = Firebase.plist; sourceTree = "<group>"; };
		79B2BFFC2D02CA830062F891 /* ScalesStarUITests.swift */ = {isa = PBXFileReference; lastKnownFileType = sourcecode.swift; path = ScalesStarUITests.swift; sourceTree = "<group>"; };
		79B2BFFE2D02CA830062F891 /* ScalesStarUITestsLaunchTests.swift */ = {isa = PBXFileReference; lastKnownFileType = sourcecode.swift; path = ScalesStarUITestsLaunchTests.swift; sourceTree = "<group>"; };
		79BA2BC42CD387EB00CA68B4 /* GoogleAPI.plist */ = {isa = PBXFileReference; lastKnownFileType = text.plist; path = GoogleAPI.plist; sourceTree = "<group>"; };
		79BA2BC62CD3884000CA68B4 /* GoogleAPI.swift */ = {isa = PBXFileReference; lastKnownFileType = sourcecode.swift; path = GoogleAPI.swift; sourceTree = "<group>"; };
		79BCF7F02C265CA6004E26ED /* CalibrationResults.swift */ = {isa = PBXFileReference; lastKnownFileType = sourcecode.swift; path = CalibrationResults.swift; sourceTree = "<group>"; };
		79BE842A2C98341E00513CEA /* UprightPianoKW.sf2 */ = {isa = PBXFileReference; lastKnownFileType = file; path = UprightPianoKW.sf2; sourceTree = "<group>"; };
		79BF6BC02BCDF60D0092CDDF /* 1_octave_slow.m4a */ = {isa = PBXFileReference; lastKnownFileType = file; path = 1_octave_slow.m4a; sourceTree = "<group>"; };
		79BFC69E2BCF790600006CA4 /* Info.plist */ = {isa = PBXFileReference; lastKnownFileType = text.plist; path = Info.plist; sourceTree = "<group>"; };
		79C3904B2C1ECEAA00F0A658 /* SpinWheelViewCoins.swift */ = {isa = PBXFileReference; lastKnownFileType = sourcecode.swift; path = SpinWheelViewCoins.swift; sourceTree = "<group>"; };
		79C3904F2C20346300F0A658 /* ScalesLibraryView.swift */ = {isa = PBXFileReference; lastKnownFileType = sourcecode.swift; path = ScalesLibraryView.swift; sourceTree = "<group>"; };
		79C65D6F2CDED7AC00467597 /* StaffClef.swift */ = {isa = PBXFileReference; lastKnownFileType = sourcecode.swift; path = StaffClef.swift; sourceTree = "<group>"; };
		79C8ACFB2C11CC7F00770C10 /* FamouseQuotes.swift */ = {isa = PBXFileReference; lastKnownFileType = sourcecode.swift; path = FamouseQuotes.swift; sourceTree = "<group>"; };
		79C8ACFF2C127D8400770C10 /* MusicBoardAndGrade.swift */ = {isa = PBXFileReference; lastKnownFileType = sourcecode.swift; path = MusicBoardAndGrade.swift; sourceTree = "<group>"; };
		79C8AD012C128F0200770C10 /* PracticeJournalView.swift */ = {isa = PBXFileReference; lastKnownFileType = sourcecode.swift; path = PracticeJournalView.swift; sourceTree = "<group>"; };
		79C979042C1AD4D7001C286F /* TestView.swift */ = {isa = PBXFileReference; lastKnownFileType = sourcecode.swift; path = TestView.swift; sourceTree = "<group>"; };
		79CB56202C599D9F00BB328F /* PracticeChart.swift */ = {isa = PBXFileReference; lastKnownFileType = sourcecode.swift; path = PracticeChart.swift; sourceTree = "<group>"; };
		79CF5D6F2BEE426B00454BB6 /* Staff.swift */ = {isa = PBXFileReference; lastKnownFileType = sourcecode.swift; path = Staff.swift; sourceTree = "<group>"; };
		79CF5D712BEE46C900454BB6 /* UserListView.swift */ = {isa = PBXFileReference; lastKnownFileType = sourcecode.swift; path = UserListView.swift; sourceTree = "<group>"; };
		79CFA1EF2C3808A90018DC8A /* Test.swift */ = {isa = PBXFileReference; lastKnownFileType = sourcecode.swift; path = Test.swift; sourceTree = "<group>"; };
		79D0EEA12CCB5FF600FC1D7C /* FeatureReportView.swift */ = {isa = PBXFileReference; lastKnownFileType = sourcecode.swift; path = FeatureReportView.swift; sourceTree = "<group>"; };
		79D7C2922BCFD57600AE0B24 /* ScalesModel.swift */ = {isa = PBXFileReference; lastKnownFileType = sourcecode.swift; path = ScalesModel.swift; sourceTree = "<group>"; };
		79D7C2942BD0F1BF00AE0B24 /* LogViewer.swift */ = {isa = PBXFileReference; lastKnownFileType = sourcecode.swift; path = LogViewer.swift; sourceTree = "<group>"; };
		79D7C2962BD10DB500AE0B24 /* ScaleRoot.swift */ = {isa = PBXFileReference; lastKnownFileType = sourcecode.swift; path = ScaleRoot.swift; sourceTree = "<group>"; };
		79D7C29D2BD1122900AE0B24 /* PianoKeyboardModel.swift */ = {isa = PBXFileReference; lastKnownFileType = sourcecode.swift; path = PianoKeyboardModel.swift; sourceTree = "<group>"; };
		79D7C29F2BD112FF00AE0B24 /* NoteName.swift */ = {isa = PBXFileReference; lastKnownFileType = sourcecode.swift; path = NoteName.swift; sourceTree = "<group>"; };
		79D7C2A12BD1133C00AE0B24 /* PianoKeyboardView.swift */ = {isa = PBXFileReference; lastKnownFileType = sourcecode.swift; path = PianoKeyboardView.swift; sourceTree = "<group>"; };
		79D7C2A52BD1167D00AE0B24 /* PianoKeyModel.swift */ = {isa = PBXFileReference; lastKnownFileType = sourcecode.swift; path = PianoKeyModel.swift; sourceTree = "<group>"; };
		79D7C2A72BD116E300AE0B24 /* RoundedCornersShape.swift */ = {isa = PBXFileReference; lastKnownFileType = sourcecode.swift; path = RoundedCornersShape.swift; sourceTree = "<group>"; };
		79D7C2A92BD1171200AE0B24 /* TouchesView.swift */ = {isa = PBXFileReference; lastKnownFileType = sourcecode.swift; path = TouchesView.swift; sourceTree = "<group>"; };
		79D7C2AB2BD1179B00AE0B24 /* ClassicStyle.swift */ = {isa = PBXFileReference; lastKnownFileType = sourcecode.swift; path = ClassicStyle.swift; sourceTree = "<group>"; };
		79D931102CA222760035EA6B /* ScaleTitleView.swift */ = {isa = PBXFileReference; lastKnownFileType = sourcecode.swift; path = ScaleTitleView.swift; sourceTree = "<group>"; };
		79DA82122BCCE95F008AC492 /* ScalesStar.app */ = {isa = PBXFileReference; explicitFileType = wrapper.application; includeInIndex = 0; path = ScalesStar.app; sourceTree = BUILT_PRODUCTS_DIR; };
		79DA82152BCCE95F008AC492 /* ScalesTrainerApp.swift */ = {isa = PBXFileReference; lastKnownFileType = sourcecode.swift; path = ScalesTrainerApp.swift; sourceTree = "<group>"; };
		79DA82192BCCE960008AC492 /* Assets.xcassets */ = {isa = PBXFileReference; lastKnownFileType = folder.assetcatalog; path = Assets.xcassets; sourceTree = "<group>"; };
		79DA821C2BCCE960008AC492 /* Preview Assets.xcassets */ = {isa = PBXFileReference; lastKnownFileType = folder.assetcatalog; path = "Preview Assets.xcassets"; sourceTree = "<group>"; };
		79DA82242BCCEAA0008AC492 /* ScalesView.swift */ = {isa = PBXFileReference; lastKnownFileType = sourcecode.swift; path = ScalesView.swift; sourceTree = "<group>"; };
		79E220ED2C856150004F64D8 /* BadgeView.swift */ = {isa = PBXFileReference; lastKnownFileType = sourcecode.swift; path = BadgeView.swift; sourceTree = "<group>"; };
		79E220EF2C858DC4004F64D8 /* LeadScaleProcess.swift */ = {isa = PBXFileReference; lastKnownFileType = sourcecode.swift; path = LeadScaleProcess.swift; sourceTree = "<group>"; };
		79EAB8762C8737B400255FC6 /* Notes_General */ = {isa = PBXFileReference; lastKnownFileType = text; path = Notes_General; sourceTree = "<group>"; };
		79EAD9092D180FBE00D5C1D5 /* GPT_Marketing */ = {isa = PBXFileReference; lastKnownFileType = text; path = GPT_Marketing; sourceTree = "<group>"; };
		79F3F58B2D5363C700D6BAA3 /* Settings.swift */ = {isa = PBXFileReference; lastKnownFileType = sourcecode.swift; path = Settings.swift; sourceTree = "<group>"; };
		79F6CD722D13F73D00FF2681 /* BluetoothManager.swift */ = {isa = PBXFileReference; lastKnownFileType = sourcecode.swift; path = BluetoothManager.swift; sourceTree = "<group>"; };
		79F6CD742D14020200FF2681 /* MidiNotes */ = {isa = PBXFileReference; lastKnownFileType = text; path = MidiNotes; sourceTree = "<group>"; };
		79F6CD762D157E2B00FF2681 /* MIDIManager.swift */ = {isa = PBXFileReference; lastKnownFileType = sourcecode.swift; path = MIDIManager.swift; sourceTree = "<group>"; };
		79F80E0B2CD4CD6800D636FB /* MIDIView.swift */ = {isa = PBXFileReference; lastKnownFileType = sourcecode.swift; path = MIDIView.swift; sourceTree = "<group>"; };
		E57CBB52EE896A3B349E6065 /* Pods_ScalesStar.framework */ = {isa = PBXFileReference; explicitFileType = wrapper.framework; includeInIndex = 0; path = Pods_ScalesStar.framework; sourceTree = BUILT_PRODUCTS_DIR; };
/* End PBXFileReference section */

/* Begin PBXFrameworksBuildPhase section */
		79891CCC2D38D21F009405C3 /* Frameworks */ = {
			isa = PBXFrameworksBuildPhase;
			buildActionMask = 2147483647;
			files = (
			);
			runOnlyForDeploymentPostprocessing = 0;
		};
		79DA820F2BCCE95F008AC492 /* Frameworks */ = {
			isa = PBXFrameworksBuildPhase;
			buildActionMask = 2147483647;
			files = (
				79DA82362BCCF260008AC492 /* AudioKitEX in Frameworks */,
				79DA822B2BCCEB8B008AC492 /* AudioKitUI in Frameworks */,
				794D49532BCD28CC0005A173 /* SoundpipeAudioKit in Frameworks */,
				79B072F62D37C2D200CD6F2B /* FirebaseFirestore in Frameworks */,
				79DA82282BCCEB70008AC492 /* AudioKit in Frameworks */,
				79B072EE2D37C2D200CD6F2B /* FirebaseAppCheck in Frameworks */,
				79B072F02D37C2D200CD6F2B /* FirebaseAuth in Frameworks */,
				79B072F42D37C2D200CD6F2B /* FirebaseDatabase in Frameworks */,
				79B072F82D37C2D200CD6F2B /* FirebaseStorage in Frameworks */,
				79B072F22D37C2D200CD6F2B /* FirebaseCore in Frameworks */,
				818BE01476C1FE1AE16FC5F4 /* Pods_ScalesStar.framework in Frameworks */,
			);
			runOnlyForDeploymentPostprocessing = 0;
		};
/* End PBXFrameworksBuildPhase section */

/* Begin PBXGroup section */
		29591435A11F915AD3A16C39 /* Frameworks */ = {
			isa = PBXGroup;
			children = (
				E57CBB52EE896A3B349E6065 /* Pods_ScalesStar.framework */,
			);
			name = Frameworks;
			sourceTree = "<group>";
		};
		7943AE602BD6539500E94AC7 /* Games */ = {
			isa = PBXGroup;
			children = (
				7943AE612BD653AF00E94AC7 /* SpriteKitAudio.swift */,
			);
			path = Games;
			sourceTree = "<group>";
		};
		794D492E2BCD07220005A173 /* PianoKeyboard */ = {
			isa = PBXGroup;
			children = (
				79D7C2AD2BD1181A00AE0B24 /* Model */,
				79D7C2AE2BD1184400AE0B24 /* View */,
			);
			path = PianoKeyboard;
			sourceTree = "<group>";
		};
		794D495D2BCD34080005A173 /* AudioFiles */ = {
			isa = PBXGroup;
			children = (
				79BE842A2C98341E00513CEA /* UprightPianoKW.sf2 */,
				791D06602C18086E00D2241D /* Yamaha-Grand-Lite-SF-v1.1.sf2 */,
				79BF6BC02BCDF60D0092CDDF /* 1_octave_slow.m4a */,
				79552FBF2BDBB41100A27531 /* Home_1_60.m4a */,
				79552FC02BDBB41100A27531 /* Home_2_60.m4a */,
				790F75D12C5BA15C0001F80B /* david_ChateauGrand_polyphone.sf2 */,
				79552FC12BDBB41100A27531 /* Home_3_60.m4a */,
				79552FC22BDBB41100A27531 /* Home_4_48.m4a */,
				795503C02BDF88A1002D7C1D /* metronome_mechanical_high.aiff */,
				795503BF2BDF88A1002D7C1D /* metronome_mechanical_low.aiff */,
			);
			path = AudioFiles;
			sourceTree = "<group>";
		};
		7970138D2BEE3DE0009F85D6 /* Model */ = {
			isa = PBXGroup;
			children = (
				7970137F2BEE36E1009F85D6 /* KeySignature.swift */,
				7970137C2BEE36E1009F85D6 /* Score.swift */,
				79CF5D6F2BEE426B00454BB6 /* Staff.swift */,
				79C65D6F2CDED7AC00467597 /* StaffClef.swift */,
				797013802BEE36E1009F85D6 /* StaffKey.swift */,
				7970137E2BEE36E1009F85D6 /* StaffNote.swift */,
				797013822BEE36E1009F85D6 /* TimeSignature.swift */,
				797013812BEE36E1009F85D6 /* TimeSlice.swift */,
			);
			path = Model;
			sourceTree = "<group>";
		};
		7970138E2BEE3DF2009F85D6 /* View */ = {
			isa = PBXGroup;
			children = (
				797013902BEE3E45009F85D6 /* ScoreEntriesView.swift */,
				7970138F2BEE3E45009F85D6 /* ScoreView.swift */,
				797013912BEE3E45009F85D6 /* StaffView.swift */,
				797013932BEE3E45009F85D6 /* TimeSliceView.swift */,
			);
			path = View;
			sourceTree = "<group>";
		};
		79891CD02D38D21F009405C3 /* ScalesStarTests1 */ = {
			isa = PBXGroup;
			children = (
				79891CD82D38D278009405C3 /* ScoreTest.swift */,
			);
			path = ScalesStarTests1;
			sourceTree = "<group>";
		};
		79B2BFFB2D02CA830062F891 /* ScalesStarUITests */ = {
			isa = PBXGroup;
			children = (
				79B2BFFC2D02CA830062F891 /* ScalesStarUITests.swift */,
				79B2BFFE2D02CA830062F891 /* ScalesStarUITestsLaunchTests.swift */,
			);
			path = ScalesStarUITests;
			sourceTree = "<group>";
		};
		79BA2BC32CD387AB00CA68B4 /* Resources */ = {
			isa = PBXGroup;
			children = (
				79AF165B2D4E1D18003033E4 /* scale_4_oct.wav */,
				79BA2BC42CD387EB00CA68B4 /* GoogleAPI.plist */,
			);
			path = Resources;
			sourceTree = "<group>";
		};
		79C0D2532BE30E7B0036CC91 /* Data */ = {
			isa = PBXGroup;
			children = (
			);
			path = Data;
			sourceTree = "<group>";
		};
		79D7C2AD2BD1181A00AE0B24 /* Model */ = {
			isa = PBXGroup;
			children = (
				79D7C29F2BD112FF00AE0B24 /* NoteName.swift */,
				79D7C29D2BD1122900AE0B24 /* PianoKeyboardModel.swift */,
				79D7C2A52BD1167D00AE0B24 /* PianoKeyModel.swift */,
			);
			name = Model;
			path = Piano/Model;
			sourceTree = "<group>";
		};
		79D7C2AE2BD1184400AE0B24 /* View */ = {
			isa = PBXGroup;
			children = (
				79D7C2AB2BD1179B00AE0B24 /* ClassicStyle.swift */,
				79D7C2A92BD1171200AE0B24 /* TouchesView.swift */,
				79D7C2A72BD116E300AE0B24 /* RoundedCornersShape.swift */,
				79D7C2A12BD1133C00AE0B24 /* PianoKeyboardView.swift */,
				79312DB22C0D8F96005FDE8B /* TimeSliceEntry.swift */,
			);
			path = View;
			sourceTree = "<group>";
		};
		79DA82092BCCE95F008AC492 = {
			isa = PBXGroup;
			children = (
				794180902D40E2E900FE149B /* ScalesStar.entitlements */,
				29591435A11F915AD3A16C39 /* Frameworks */,
				790C738E2BEF99D500609C48 /* Localizable.xcstrings */,
				DDA3121AEE7C45E54101ED2B /* Pods */,
				79DA82132BCCE95F008AC492 /* Products */,
				79891CD02D38D21F009405C3 /* ScalesStarTests1 */,
				79B2BFFB2D02CA830062F891 /* ScalesStarUITests */,
				79DA82142BCCE95F008AC492 /* ScalesTrainer */,
			);
			sourceTree = "<group>";
		};
		79DA82132BCCE95F008AC492 /* Products */ = {
			isa = PBXGroup;
			children = (
				79DA82122BCCE95F008AC492 /* ScalesStar.app */,
				79891CCF2D38D21F009405C3 /* ScalesStarTests1.xctest */,
			);
			name = Products;
			sourceTree = "<group>";
		};
		79DA82142BCCE95F008AC492 /* ScalesTrainer */ = {
			isa = PBXGroup;
			children = (
				79DA82192BCCE960008AC492 /* Assets.xcassets */,
				794D495D2BCD34080005A173 /* AudioFiles */,
				79C0D2532BE30E7B0036CC91 /* Data */,
				7943AE602BD6539500E94AC7 /* Games */,
				79BFC69E2BCF790600006CA4 /* Info.plist */,
				79B072F92D37C42000CD6F2B /* GoogleService-Info.plist */,
				79B073012D37C98E00CD6F2B /* Firebase.plist */,
				79DA822C2BCCED24008AC492 /* Model */,
				79E8AF3B2BEE24A600C2D5B3 /* MusicStaff */,
				79F6CD792D167B7800FF2681 /* Notes */,
				794D492E2BCD07220005A173 /* PianoKeyboard */,
				79DA821B2BCCE960008AC492 /* Preview Content */,
				79BA2BC32CD387AB00CA68B4 /* Resources */,
				79DA82152BCCE95F008AC492 /* ScalesTrainerApp.swift */,
				79DA82232BCCEA6A008AC492 /* View */,
			);
			path = ScalesTrainer;
			sourceTree = "<group>";
		};
		79DA821B2BCCE960008AC492 /* Preview Content */ = {
			isa = PBXGroup;
			children = (
				79DA821C2BCCE960008AC492 /* Preview Assets.xcassets */,
			);
			path = "Preview Content";
			sourceTree = "<group>";
		};
		79DA82232BCCEA6A008AC492 /* View */ = {
			isa = PBXGroup;
			children = (
				799BE2AF2C01C66A004B19F6 /* ActivitiesView.swift */,
				79E220ED2C856150004F64D8 /* BadgeView.swift */,
				799BE2AB2C002B83004B19F6 /* BarChart.swift */,
				799BE2A72BFF4322004B19F6 /* CalibrationView.swift */,
				794A9FC62C2BD24C0001297E /* CoinBankView.swift */,
				7967099E2BD791F90029E7ED /* CommonUI.swift */,
				790624092C374F5D005A6A3E /* EmailView.swift */,
				79D0EEA12CCB5FF600FC1D7C /* FeatureReportView.swift */,
				799DC8412D5190BB007008A5 /* FFTView.swift */,
				79312DB62C118B41005FDE8B /* HelpView.swift */,
				799BE2A92BFF4EED004B19F6 /* LegendView.swift */,
				791F6C302CD18939006BAEBD /* LicenseManagerView.swift */,
				79D7C2942BD0F1BF00AE0B24 /* LogViewer.swift */,
				79F80E0B2CD4CD6800D636FB /* MIDIView.swift */,
				799BE2AD2C002EF5004B19F6 /* OrientationInfo.swift */,
				790537042C47319600AC794D /* PracticeChartView.swift */,
				79C8AD012C128F0200770C10 /* PracticeJournalView.swift */,
				79312DB42C106D3D005FDE8B /* RecordingIsUnderwayView.swift */,
				79312DB02C0B2B7E005FDE8B /* ResultView.swift */,
				794A9FC42C2B73770001297E /* ScaleIntervals.swift */,
				79C3904F2C20346300F0A658 /* ScalesLibraryView.swift */,
				79DA82242BCCEAA0008AC492 /* ScalesView.swift */,
				79D931102CA222760035EA6B /* ScaleTitleView.swift */,
				793ED01B2C5F7D540068278B /* SelectMusicBoardView.swift */,
				799381782C75D1A400734FDE /* SettingsView.swift */,
				799381762C755F2300734FDE /* SpinWheelView.swift */,
				79C3904B2C1ECEAA00F0A658 /* SpinWheelViewCoins.swift */,
				79064CAB2D0A9493002490A8 /* TestInputView.swift */,
				79C979042C1AD4D7001C286F /* TestView.swift */,
				7910C00B2D605B5D0030928B /* UserDetailsView.swift */,
				79CF5D712BEE46C900454BB6 /* UserListView.swift */,
			);
			path = View;
			sourceTree = "<group>";
		};
		79DA822C2BCCED24008AC492 /* Model */ = {
			isa = PBXGroup;
			children = (
				794D494F2BCD28AC0005A173 /* AudioManager.swift */,
				79566AD52CB9259C00581A57 /* BackingChords.swift */,
				79064CA72D08349C002490A8 /* BadgeBank.swift */,
				79F6CD722D13F73D00FF2681 /* BluetoothManager.swift */,
				79BCF7F02C265CA6004E26ED /* CalibrationResults.swift */,
				794A9FC82C2BFC270001297E /* CoinBank.swift */,
				79064CA92D08ED4E002490A8 /* ExerciseState.swift */,
				79C8ACFB2C11CC7F00770C10 /* FamouseQuotes.swift */,
				79B072FD2D37C76D00CD6F2B /* Firebase.swift */,
				79064CAD2D0A9EA2002490A8 /* FollowScaleProcess.swift */,
				79BA2BC62CD3884000CA68B4 /* GoogleAPI.swift */,
				796F26782C1431E700853A21 /* HearScalePlayer.swift */,
				79312DB82C118FFE005FDE8B /* HelpMessages.swift */,
				79312DAA2C0743A7005FDE8B /* IdentifyScalePlayer.swift */,
				79E220EF2C858DC4004F64D8 /* LeadScaleProcess.swift */,
				794D49472BCD15AE0005A173 /* AppLogger.swift */,
				793D6E572BD66F730012F701 /* Metronome.swift */,
				79312DAC2C09A13B005FDE8B /* MetronomeTicker.swift */,
				79F6CD762D157E2B00FF2681 /* MIDIManager.swift */,
				797DBBB12C621FDA009A54C9 /* MIDIModel.swift */,
				79C8ACFF2C127D8400770C10 /* MusicBoardAndGrade.swift */,
				79CB56202C599D9F00BB328F /* PracticeChart.swift */,
				794D49552BCD29090005A173 /* RealTimeTapHandler.swift */,
				790B1B7A2C8BBD94008245DE /* RecordScaleProcess.swift */,
				79552FB52BDB975D00A27531 /* Result.swift */,
				794D49592BCD29610005A173 /* Scale.swift */,
				794D49572BCD29390005A173 /* ScaleMatcher.swift */,
				79D7C2962BD10DB500AE0B24 /* ScaleRoot.swift */,
				79D7C2922BCFD57600AE0B24 /* ScalesModel.swift */,
				79A6350B2C40895800661B0F /* ScaleTapHandler.swift */,
				79F3F58B2D5363C700D6BAA3 /* Settings.swift */,
				79A43A952CFEF73A00D30F4F /* SoundEventHandler.swift */,
				796C76E92BD3774400DF2DA9 /* SpeechManager.swift */,
				7942FAA42BE24E5A00658E39 /* TapEvents.swift */,
				799DBF4B2C51175C00E14728 /* TapsEventsAnalyser.swift */,
				79CFA1EF2C3808A90018DC8A /* Test.swift */,
				794D495B2BCD29DF0005A173 /* Util.swift */,
			);
			path = Model;
			sourceTree = "<group>";
		};
		79E8AF3B2BEE24A600C2D5B3 /* MusicStaff */ = {
			isa = PBXGroup;
			children = (
				7970138E2BEE3DF2009F85D6 /* View */,
				7970138D2BEE3DE0009F85D6 /* Model */,
			);
			path = MusicStaff;
			sourceTree = "<group>";
		};
		79F6CD792D167B7800FF2681 /* Notes */ = {
			isa = PBXGroup;
			children = (
				793EA0FE2D12B790007CAAD7 /* MultiThreadingCrashes */,
				79F6CD742D14020200FF2681 /* MidiNotes */,
				79EAB8762C8737B400255FC6 /* Notes_General */,
				79EAD9092D180FBE00D5C1D5 /* GPT_Marketing */,
			);
			path = Notes;
			sourceTree = "<group>";
		};
		DDA3121AEE7C45E54101ED2B /* Pods */ = {
			isa = PBXGroup;
			children = (
				34788DA9720D67F1ED84EFA6 /* Pods-ScalesStar.debug.xcconfig */,
				0194CE10841F5E19628FC7AD /* Pods-ScalesStar.release.xcconfig */,
			);
			path = Pods;
			sourceTree = "<group>";
		};
/* End PBXGroup section */

/* Begin PBXNativeTarget section */
		79891CCE2D38D21F009405C3 /* ScalesStarTests1 */ = {
			isa = PBXNativeTarget;
			buildConfigurationList = 79891CD52D38D21F009405C3 /* Build configuration list for PBXNativeTarget "ScalesStarTests1" */;
			buildPhases = (
				79891CCB2D38D21F009405C3 /* Sources */,
				79891CCC2D38D21F009405C3 /* Frameworks */,
				79891CCD2D38D21F009405C3 /* Resources */,
			);
			buildRules = (
			);
			dependencies = (
				79891CD42D38D21F009405C3 /* PBXTargetDependency */,
			);
			name = ScalesStarTests1;
			productName = ScalesStarTests1;
			productReference = 79891CCF2D38D21F009405C3 /* ScalesStarTests1.xctest */;
			productType = "com.apple.product-type.bundle.unit-test";
		};
		79DA82112BCCE95F008AC492 /* ScalesStar */ = {
			isa = PBXNativeTarget;
			buildConfigurationList = 79DA82202BCCE960008AC492 /* Build configuration list for PBXNativeTarget "ScalesStar" */;
			buildPhases = (
				6CD2004B6595ACA294D88C76 /* [CP] Check Pods Manifest.lock */,
				79DA820E2BCCE95F008AC492 /* Sources */,
				79DA820F2BCCE95F008AC492 /* Frameworks */,
				79DA82102BCCE95F008AC492 /* Resources */,
				7CB3C4C0589CC522C1BC8C9F /* [CP] Embed Pods Frameworks */,
			);
			buildRules = (
			);
			dependencies = (
			);
			name = ScalesStar;
			packageProductDependencies = (
				79DA82272BCCEB70008AC492 /* AudioKit */,
				79DA822A2BCCEB8B008AC492 /* AudioKitUI */,
				79DA82352BCCF260008AC492 /* AudioKitEX */,
				794D49522BCD28CC0005A173 /* SoundpipeAudioKit */,
				79B072ED2D37C2D200CD6F2B /* FirebaseAppCheck */,
				79B072EF2D37C2D200CD6F2B /* FirebaseAuth */,
				79B072F12D37C2D200CD6F2B /* FirebaseCore */,
				79B072F32D37C2D200CD6F2B /* FirebaseDatabase */,
				79B072F52D37C2D200CD6F2B /* FirebaseFirestore */,
				79B072F72D37C2D200CD6F2B /* FirebaseStorage */,
			);
			productName = ScalesTrainer;
			productReference = 79DA82122BCCE95F008AC492 /* ScalesStar.app */;
			productType = "com.apple.product-type.application";
		};
/* End PBXNativeTarget section */

/* Begin PBXProject section */
		79DA820A2BCCE95F008AC492 /* Project object */ = {
			isa = PBXProject;
			attributes = {
				BuildIndependentTargetsInParallel = 1;
				LastSwiftUpdateCheck = 1520;
				LastUpgradeCheck = 1520;
				TargetAttributes = {
					79891CCE2D38D21F009405C3 = {
						CreatedOnToolsVersion = 15.2;
						TestTargetID = 79DA82112BCCE95F008AC492;
					};
					79DA82112BCCE95F008AC492 = {
						CreatedOnToolsVersion = 15.2;
					};
				};
			};
			buildConfigurationList = 79DA820D2BCCE95F008AC492 /* Build configuration list for PBXProject "ScalesTrainer" */;
			compatibilityVersion = "Xcode 14.0";
			developmentRegion = en;
			hasScannedForEncodings = 0;
			knownRegions = (
				en,
				Base,
				"zh-HK",
				hi,
				"zh-Hans",
			);
			mainGroup = 79DA82092BCCE95F008AC492;
			packageReferences = (
				79DA82262BCCEB70008AC492 /* XCRemoteSwiftPackageReference "AudioKit" */,
				79DA82292BCCEB8B008AC492 /* XCRemoteSwiftPackageReference "AudioKitUI" */,
				79DA82342BCCF260008AC492 /* XCRemoteSwiftPackageReference "AudioKitEX" */,
				794D49512BCD28CC0005A173 /* XCRemoteSwiftPackageReference "SoundpipeAudioKit" */,
				79B072EC2D37C2D200CD6F2B /* XCRemoteSwiftPackageReference "firebase-ios-sdk" */,
			);
			productRefGroup = 79DA82132BCCE95F008AC492 /* Products */;
			projectDirPath = "";
			projectRoot = "";
			targets = (
				79DA82112BCCE95F008AC492 /* ScalesStar */,
				79891CCE2D38D21F009405C3 /* ScalesStarTests1 */,
			);
		};
/* End PBXProject section */

/* Begin PBXResourcesBuildPhase section */
		79891CCD2D38D21F009405C3 /* Resources */ = {
			isa = PBXResourcesBuildPhase;
			buildActionMask = 2147483647;
			files = (
				79AF165D2D4E1D18003033E4 /* scale_4_oct.wav in Resources */,
			);
			runOnlyForDeploymentPostprocessing = 0;
		};
		79DA82102BCCE95F008AC492 /* Resources */ = {
			isa = PBXResourcesBuildPhase;
			buildActionMask = 2147483647;
			files = (
				79DA821D2BCCE960008AC492 /* Preview Assets.xcassets in Resources */,
				79DA821A2BCCE960008AC492 /* Assets.xcassets in Resources */,
				79BF6BC12BCDF60D0092CDDF /* 1_octave_slow.m4a in Resources */,
				79EAD90A2D180FBE00D5C1D5 /* GPT_Marketing in Resources */,
				79BA2BC52CD387EB00CA68B4 /* GoogleAPI.plist in Resources */,
				79B073022D37C98E00CD6F2B /* Firebase.plist in Resources */,
				795503C12BDF88A1002D7C1D /* metronome_mechanical_low.aiff in Resources */,
				79552FC52BDBB41100A27531 /* Home_3_60.m4a in Resources */,
				79F6CD752D14020200FF2681 /* MidiNotes in Resources */,
				790C738F2BEF99D500609C48 /* Localizable.xcstrings in Resources */,
				79AF165C2D4E1D18003033E4 /* scale_4_oct.wav in Resources */,
				795503C22BDF88A1002D7C1D /* metronome_mechanical_high.aiff in Resources */,
				79552FC62BDBB41100A27531 /* Home_4_48.m4a in Resources */,
				79B072FA2D37C42000CD6F2B /* GoogleService-Info.plist in Resources */,
				790F75D22C5BA15C0001F80B /* david_ChateauGrand_polyphone.sf2 in Resources */,
				791D06612C18086E00D2241D /* Yamaha-Grand-Lite-SF-v1.1.sf2 in Resources */,
				79552FC42BDBB41100A27531 /* Home_2_60.m4a in Resources */,
				79EAB8772C8737B400255FC6 /* Notes_General in Resources */,
				79BE842B2C98341E00513CEA /* UprightPianoKW.sf2 in Resources */,
				79552FC32BDBB41100A27531 /* Home_1_60.m4a in Resources */,
				793EA0FF2D12B790007CAAD7 /* MultiThreadingCrashes in Resources */,
			);
			runOnlyForDeploymentPostprocessing = 0;
		};
/* End PBXResourcesBuildPhase section */

/* Begin PBXShellScriptBuildPhase section */
		6CD2004B6595ACA294D88C76 /* [CP] Check Pods Manifest.lock */ = {
			isa = PBXShellScriptBuildPhase;
			buildActionMask = 2147483647;
			files = (
			);
			inputFileListPaths = (
			);
			inputPaths = (
				"${PODS_PODFILE_DIR_PATH}/Podfile.lock",
				"${PODS_ROOT}/Manifest.lock",
			);
			name = "[CP] Check Pods Manifest.lock";
			outputFileListPaths = (
			);
			outputPaths = (
				"$(DERIVED_FILE_DIR)/Pods-ScalesStar-checkManifestLockResult.txt",
			);
			runOnlyForDeploymentPostprocessing = 0;
			shellPath = /bin/sh;
			shellScript = "diff \"${PODS_PODFILE_DIR_PATH}/Podfile.lock\" \"${PODS_ROOT}/Manifest.lock\" > /dev/null\nif [ $? != 0 ] ; then\n    # print error to STDERR\n    echo \"error: The sandbox is not in sync with the Podfile.lock. Run 'pod install' or update your CocoaPods installation.\" >&2\n    exit 1\nfi\n# This output is used by Xcode 'outputs' to avoid re-running this script phase.\necho \"SUCCESS\" > \"${SCRIPT_OUTPUT_FILE_0}\"\n";
			showEnvVarsInLog = 0;
		};
		7CB3C4C0589CC522C1BC8C9F /* [CP] Embed Pods Frameworks */ = {
			isa = PBXShellScriptBuildPhase;
			buildActionMask = 2147483647;
			files = (
			);
			inputFileListPaths = (
				"${PODS_ROOT}/Target Support Files/Pods-ScalesStar/Pods-ScalesStar-frameworks-${CONFIGURATION}-input-files.xcfilelist",
			);
			name = "[CP] Embed Pods Frameworks";
			outputFileListPaths = (
				"${PODS_ROOT}/Target Support Files/Pods-ScalesStar/Pods-ScalesStar-frameworks-${CONFIGURATION}-output-files.xcfilelist",
			);
			runOnlyForDeploymentPostprocessing = 0;
			shellPath = /bin/sh;
			shellScript = "\"${PODS_ROOT}/Target Support Files/Pods-ScalesStar/Pods-ScalesStar-frameworks.sh\"\n";
			showEnvVarsInLog = 0;
		};
/* End PBXShellScriptBuildPhase section */

/* Begin PBXSourcesBuildPhase section */
		79891CCB2D38D21F009405C3 /* Sources */ = {
			isa = PBXSourcesBuildPhase;
			buildActionMask = 2147483647;
			files = (
				79891CD92D38D278009405C3 /* ScoreTest.swift in Sources */,
			);
			runOnlyForDeploymentPostprocessing = 0;
		};
		79DA820E2BCCE95F008AC492 /* Sources */ = {
			isa = PBXSourcesBuildPhase;
			buildActionMask = 2147483647;
			files = (
				7942FAA52BE24E5A00658E39 /* TapEvents.swift in Sources */,
				793D6E582BD66F730012F701 /* Metronome.swift in Sources */,
				799381772C755F2300734FDE /* SpinWheelView.swift in Sources */,
				79A43A962CFEF73A00D30F4F /* SoundEventHandler.swift in Sources */,
				794D495A2BCD29610005A173 /* Scale.swift in Sources */,
				79F80E0C2CD4CD6800D636FB /* MIDIView.swift in Sources */,
				799DBF4C2C51175C00E14728 /* TapsEventsAnalyser.swift in Sources */,
				797013942BEE3E45009F85D6 /* ScoreView.swift in Sources */,
				79BCF7F12C265CA6004E26ED /* CalibrationResults.swift in Sources */,
				794D495C2BCD29DF0005A173 /* Util.swift in Sources */,
				79312DB12C0B2B7E005FDE8B /* ResultView.swift in Sources */,
				79DA82252BCCEAA0008AC492 /* ScalesView.swift in Sources */,
				799BE2AE2C002EF5004B19F6 /* OrientationInfo.swift in Sources */,
				79F3F58C2D5363C700D6BAA3 /* Settings.swift in Sources */,
				7943AE622BD653AF00E94AC7 /* SpriteKitAudio.swift in Sources */,
				79E220F02C858DC4004F64D8 /* LeadScaleProcess.swift in Sources */,
				79312DAB2C0743A7005FDE8B /* IdentifyScalePlayer.swift in Sources */,
				79D7C29E2BD1122900AE0B24 /* PianoKeyboardModel.swift in Sources */,
				79F6CD772D157E2B00FF2681 /* MIDIManager.swift in Sources */,
				79F6CD732D13F73D00FF2681 /* BluetoothManager.swift in Sources */,
				797DBBB22C621FDA009A54C9 /* MIDIModel.swift in Sources */,
				794A9FC72C2BD24C0001297E /* CoinBankView.swift in Sources */,
				79D931112CA222760035EA6B /* ScaleTitleView.swift in Sources */,
				797013982BEE3E45009F85D6 /* TimeSliceView.swift in Sources */,
				799BE2AC2C002B83004B19F6 /* BarChart.swift in Sources */,
				797013872BEE36E2009F85D6 /* KeySignature.swift in Sources */,
				797013862BEE36E2009F85D6 /* StaffNote.swift in Sources */,
				7910C00C2D605B5D0030928B /* UserDetailsView.swift in Sources */,
				79D7C2A22BD1133C00AE0B24 /* PianoKeyboardView.swift in Sources */,
				79552FB62BDB975D00A27531 /* Result.swift in Sources */,
				79D7C2AC2BD1179B00AE0B24 /* ClassicStyle.swift in Sources */,
				79CB56212C599D9F00BB328F /* PracticeChart.swift in Sources */,
				79C979052C1AD4D7001C286F /* TestView.swift in Sources */,
				79CF5D722BEE46C900454BB6 /* UserListView.swift in Sources */,
				797013842BEE36E2009F85D6 /* Score.swift in Sources */,
				79064CAC2D0A9493002490A8 /* TestInputView.swift in Sources */,
				79D7C2A62BD1167D00AE0B24 /* PianoKeyModel.swift in Sources */,
				79064CA82D08349C002490A8 /* BadgeBank.swift in Sources */,
				797013962BEE3E45009F85D6 /* StaffView.swift in Sources */,
				799BE2AA2BFF4EED004B19F6 /* LegendView.swift in Sources */,
				794D49562BCD29090005A173 /* RealTimeTapHandler.swift in Sources */,
				797013882BEE36E2009F85D6 /* StaffKey.swift in Sources */,
				796F26792C1431E700853A21 /* HearScalePlayer.swift in Sources */,
				79B072FE2D37C76D00CD6F2B /* Firebase.swift in Sources */,
				7967099F2BD791F90029E7ED /* CommonUI.swift in Sources */,
				79312DB32C0D8F96005FDE8B /* TimeSliceEntry.swift in Sources */,
				79D0EEA22CCB5FF600FC1D7C /* FeatureReportView.swift in Sources */,
				794D49582BCD29390005A173 /* ScaleMatcher.swift in Sources */,
				794D49502BCD28AC0005A173 /* AudioManager.swift in Sources */,
				79A6350C2C40895800661B0F /* ScaleTapHandler.swift in Sources */,
				79D7C2952BD0F1BF00AE0B24 /* LogViewer.swift in Sources */,
				794D49482BCD15AE0005A173 /* AppLogger.swift in Sources */,
				79C8AD002C127D8400770C10 /* MusicBoardAndGrade.swift in Sources */,
				79C390502C20346300F0A658 /* ScalesLibraryView.swift in Sources */,
				799BE2A82BFF4322004B19F6 /* CalibrationView.swift in Sources */,
				79BA2BC72CD3884000CA68B4 /* GoogleAPI.swift in Sources */,
				79566AD62CB9259C00581A57 /* BackingChords.swift in Sources */,
				79312DB92C118FFE005FDE8B /* HelpMessages.swift in Sources */,
				796C76EA2BD3774400DF2DA9 /* SpeechManager.swift in Sources */,
				79D7C2A02BD112FF00AE0B24 /* NoteName.swift in Sources */,
				790537052C47319600AC794D /* PracticeChartView.swift in Sources */,
				799BE2B02C01C66A004B19F6 /* ActivitiesView.swift in Sources */,
				79312DAD2C09A13B005FDE8B /* MetronomeTicker.swift in Sources */,
				79E220EE2C856150004F64D8 /* BadgeView.swift in Sources */,
				79D7C2A82BD116E300AE0B24 /* RoundedCornersShape.swift in Sources */,
				79064CAA2D08ED4E002490A8 /* ExerciseState.swift in Sources */,
				799381792C75D1A400734FDE /* SettingsView.swift in Sources */,
				7906240A2C374F5D005A6A3E /* EmailView.swift in Sources */,
				79CFA1F02C3808A90018DC8A /* Test.swift in Sources */,
				79C65D702CDED7AC00467597 /* StaffClef.swift in Sources */,
				793ED01C2C5F7D540068278B /* SelectMusicBoardView.swift in Sources */,
				79312DB72C118B41005FDE8B /* HelpView.swift in Sources */,
				790B1B7B2C8BBD94008245DE /* RecordScaleProcess.swift in Sources */,
				791F6C312CD18939006BAEBD /* LicenseManagerView.swift in Sources */,
				79C8AD022C128F0200770C10 /* PracticeJournalView.swift in Sources */,
				7970138A2BEE36E2009F85D6 /* TimeSignature.swift in Sources */,
				794A9FC92C2BFC270001297E /* CoinBank.swift in Sources */,
				79D7C2AA2BD1171200AE0B24 /* TouchesView.swift in Sources */,
				79CF5D702BEE426B00454BB6 /* Staff.swift in Sources */,
				79D7C2972BD10DB500AE0B24 /* ScaleRoot.swift in Sources */,
				79312DB52C106D3D005FDE8B /* RecordingIsUnderwayView.swift in Sources */,
				799DC8422D5190BB007008A5 /* FFTView.swift in Sources */,
				79D7C2932BCFD57600AE0B24 /* ScalesModel.swift in Sources */,
				79DA82162BCCE95F008AC492 /* ScalesTrainerApp.swift in Sources */,
				79C8ACFC2C11CC7F00770C10 /* FamouseQuotes.swift in Sources */,
				794A9FC52C2B73770001297E /* ScaleIntervals.swift in Sources */,
				79C3904C2C1ECEAA00F0A658 /* SpinWheelViewCoins.swift in Sources */,
				79064CAE2D0A9EA2002490A8 /* FollowScaleProcess.swift in Sources */,
				797013952BEE3E45009F85D6 /* ScoreEntriesView.swift in Sources */,
				797013892BEE36E2009F85D6 /* TimeSlice.swift in Sources */,
			);
			runOnlyForDeploymentPostprocessing = 0;
		};
/* End PBXSourcesBuildPhase section */

/* Begin PBXTargetDependency section */
		79891CD42D38D21F009405C3 /* PBXTargetDependency */ = {
			isa = PBXTargetDependency;
			target = 79DA82112BCCE95F008AC492 /* ScalesStar */;
			targetProxy = 79891CD32D38D21F009405C3 /* PBXContainerItemProxy */;
		};
/* End PBXTargetDependency section */

/* Begin XCBuildConfiguration section */
		79891CD62D38D21F009405C3 /* Debug */ = {
			isa = XCBuildConfiguration;
			buildSettings = {
				BUNDLE_LOADER = "$(TEST_HOST)";
				CODE_SIGN_STYLE = Automatic;
				CURRENT_PROJECT_VERSION = 1;
				DEVELOPMENT_TEAM = X9VDGR7PQ7;
				ENABLE_USER_SCRIPT_SANDBOXING = YES;
				GENERATE_INFOPLIST_FILE = YES;
				MARKETING_VERSION = 1.0;
				PRODUCT_BUNDLE_IDENTIFIER = com.musicmastereducation.ScalesStarTests1;
				PRODUCT_NAME = "$(TARGET_NAME)";
				SWIFT_EMIT_LOC_STRINGS = NO;
				SWIFT_VERSION = 5.0;
				TARGETED_DEVICE_FAMILY = "1,2";
				TEST_HOST = "$(BUILT_PRODUCTS_DIR)/ScalesStar.app/$(BUNDLE_EXECUTABLE_FOLDER_PATH)/ScalesStar";
			};
			name = Debug;
		};
		79891CD72D38D21F009405C3 /* Release */ = {
			isa = XCBuildConfiguration;
			buildSettings = {
				BUNDLE_LOADER = "$(TEST_HOST)";
				CODE_SIGN_STYLE = Automatic;
				CURRENT_PROJECT_VERSION = 1;
				DEVELOPMENT_TEAM = X9VDGR7PQ7;
				ENABLE_USER_SCRIPT_SANDBOXING = YES;
				GENERATE_INFOPLIST_FILE = YES;
				MARKETING_VERSION = 1.0;
				PRODUCT_BUNDLE_IDENTIFIER = com.musicmastereducation.ScalesStarTests1;
				PRODUCT_NAME = "$(TARGET_NAME)";
				SWIFT_EMIT_LOC_STRINGS = NO;
				SWIFT_VERSION = 5.0;
				TARGETED_DEVICE_FAMILY = "1,2";
				TEST_HOST = "$(BUILT_PRODUCTS_DIR)/ScalesStar.app/$(BUNDLE_EXECUTABLE_FOLDER_PATH)/ScalesStar";
			};
			name = Release;
		};
		79DA821E2BCCE960008AC492 /* Debug */ = {
			isa = XCBuildConfiguration;
			buildSettings = {
				ALWAYS_SEARCH_USER_PATHS = NO;
				ASSETCATALOG_COMPILER_GENERATE_SWIFT_ASSET_SYMBOL_EXTENSIONS = YES;
				CLANG_ANALYZER_NONNULL = YES;
				CLANG_ANALYZER_NUMBER_OBJECT_CONVERSION = YES_AGGRESSIVE;
				CLANG_CXX_LANGUAGE_STANDARD = "gnu++20";
				CLANG_ENABLE_MODULES = YES;
				CLANG_ENABLE_OBJC_ARC = YES;
				CLANG_ENABLE_OBJC_WEAK = YES;
				CLANG_WARN_BLOCK_CAPTURE_AUTORELEASING = YES;
				CLANG_WARN_BOOL_CONVERSION = YES;
				CLANG_WARN_COMMA = YES;
				CLANG_WARN_CONSTANT_CONVERSION = YES;
				CLANG_WARN_DEPRECATED_OBJC_IMPLEMENTATIONS = YES;
				CLANG_WARN_DIRECT_OBJC_ISA_USAGE = YES_ERROR;
				CLANG_WARN_DOCUMENTATION_COMMENTS = YES;
				CLANG_WARN_EMPTY_BODY = YES;
				CLANG_WARN_ENUM_CONVERSION = YES;
				CLANG_WARN_INFINITE_RECURSION = YES;
				CLANG_WARN_INT_CONVERSION = YES;
				CLANG_WARN_NON_LITERAL_NULL_CONVERSION = YES;
				CLANG_WARN_OBJC_IMPLICIT_RETAIN_SELF = YES;
				CLANG_WARN_OBJC_LITERAL_CONVERSION = YES;
				CLANG_WARN_OBJC_ROOT_CLASS = YES_ERROR;
				CLANG_WARN_QUOTED_INCLUDE_IN_FRAMEWORK_HEADER = YES;
				CLANG_WARN_RANGE_LOOP_ANALYSIS = YES;
				CLANG_WARN_STRICT_PROTOTYPES = YES;
				CLANG_WARN_SUSPICIOUS_MOVE = YES;
				CLANG_WARN_UNGUARDED_AVAILABILITY = YES_AGGRESSIVE;
				CLANG_WARN_UNREACHABLE_CODE = YES;
				CLANG_WARN__DUPLICATE_METHOD_MATCH = YES;
				COPY_PHASE_STRIP = NO;
				DEBUG_INFORMATION_FORMAT = dwarf;
				ENABLE_STRICT_OBJC_MSGSEND = YES;
				ENABLE_TESTABILITY = YES;
				ENABLE_USER_SCRIPT_SANDBOXING = NO;
				GCC_C_LANGUAGE_STANDARD = gnu17;
				GCC_DYNAMIC_NO_PIC = NO;
				GCC_NO_COMMON_BLOCKS = YES;
				GCC_OPTIMIZATION_LEVEL = 0;
				GCC_PREPROCESSOR_DEFINITIONS = (
					"DEBUG=1",
					"$(inherited)",
				);
				GCC_WARN_64_TO_32_BIT_CONVERSION = YES;
				GCC_WARN_ABOUT_RETURN_TYPE = YES_ERROR;
				GCC_WARN_UNDECLARED_SELECTOR = YES;
				GCC_WARN_UNINITIALIZED_AUTOS = YES_AGGRESSIVE;
				GCC_WARN_UNUSED_FUNCTION = YES;
				GCC_WARN_UNUSED_VARIABLE = YES;
				IPHONEOS_DEPLOYMENT_TARGET = 17.2;
				LOCALIZATION_PREFERS_STRING_CATALOGS = YES;
				MTL_ENABLE_DEBUG_INFO = INCLUDE_SOURCE;
				MTL_FAST_MATH = YES;
				ONLY_ACTIVE_ARCH = YES;
				SDKROOT = iphoneos;
				SWIFT_ACTIVE_COMPILATION_CONDITIONS = "DEBUG $(inherited)";
				SWIFT_OPTIMIZATION_LEVEL = "-Onone";
			};
			name = Debug;
		};
		79DA821F2BCCE960008AC492 /* Release */ = {
			isa = XCBuildConfiguration;
			buildSettings = {
				ALWAYS_SEARCH_USER_PATHS = NO;
				ASSETCATALOG_COMPILER_GENERATE_SWIFT_ASSET_SYMBOL_EXTENSIONS = YES;
				CLANG_ANALYZER_NONNULL = YES;
				CLANG_ANALYZER_NUMBER_OBJECT_CONVERSION = YES_AGGRESSIVE;
				CLANG_CXX_LANGUAGE_STANDARD = "gnu++20";
				CLANG_ENABLE_MODULES = YES;
				CLANG_ENABLE_OBJC_ARC = YES;
				CLANG_ENABLE_OBJC_WEAK = YES;
				CLANG_WARN_BLOCK_CAPTURE_AUTORELEASING = YES;
				CLANG_WARN_BOOL_CONVERSION = YES;
				CLANG_WARN_COMMA = YES;
				CLANG_WARN_CONSTANT_CONVERSION = YES;
				CLANG_WARN_DEPRECATED_OBJC_IMPLEMENTATIONS = YES;
				CLANG_WARN_DIRECT_OBJC_ISA_USAGE = YES_ERROR;
				CLANG_WARN_DOCUMENTATION_COMMENTS = YES;
				CLANG_WARN_EMPTY_BODY = YES;
				CLANG_WARN_ENUM_CONVERSION = YES;
				CLANG_WARN_INFINITE_RECURSION = YES;
				CLANG_WARN_INT_CONVERSION = YES;
				CLANG_WARN_NON_LITERAL_NULL_CONVERSION = YES;
				CLANG_WARN_OBJC_IMPLICIT_RETAIN_SELF = YES;
				CLANG_WARN_OBJC_LITERAL_CONVERSION = YES;
				CLANG_WARN_OBJC_ROOT_CLASS = YES_ERROR;
				CLANG_WARN_QUOTED_INCLUDE_IN_FRAMEWORK_HEADER = YES;
				CLANG_WARN_RANGE_LOOP_ANALYSIS = YES;
				CLANG_WARN_STRICT_PROTOTYPES = YES;
				CLANG_WARN_SUSPICIOUS_MOVE = YES;
				CLANG_WARN_UNGUARDED_AVAILABILITY = YES_AGGRESSIVE;
				CLANG_WARN_UNREACHABLE_CODE = YES;
				CLANG_WARN__DUPLICATE_METHOD_MATCH = YES;
				COPY_PHASE_STRIP = NO;
				DEBUG_INFORMATION_FORMAT = "dwarf-with-dsym";
				ENABLE_NS_ASSERTIONS = NO;
				ENABLE_STRICT_OBJC_MSGSEND = YES;
				ENABLE_USER_SCRIPT_SANDBOXING = NO;
				GCC_C_LANGUAGE_STANDARD = gnu17;
				GCC_NO_COMMON_BLOCKS = YES;
				GCC_WARN_64_TO_32_BIT_CONVERSION = YES;
				GCC_WARN_ABOUT_RETURN_TYPE = YES_ERROR;
				GCC_WARN_UNDECLARED_SELECTOR = YES;
				GCC_WARN_UNINITIALIZED_AUTOS = YES_AGGRESSIVE;
				GCC_WARN_UNUSED_FUNCTION = YES;
				GCC_WARN_UNUSED_VARIABLE = YES;
				IPHONEOS_DEPLOYMENT_TARGET = 17.2;
				LOCALIZATION_PREFERS_STRING_CATALOGS = YES;
				MTL_ENABLE_DEBUG_INFO = NO;
				MTL_FAST_MATH = YES;
				SDKROOT = iphoneos;
				SWIFT_COMPILATION_MODE = wholemodule;
				VALIDATE_PRODUCT = YES;
			};
			name = Release;
		};
		79DA82212BCCE960008AC492 /* Debug */ = {
			isa = XCBuildConfiguration;
			baseConfigurationReference = 34788DA9720D67F1ED84EFA6 /* Pods-ScalesStar.debug.xcconfig */;
			buildSettings = {
				ASSETCATALOG_COMPILER_APPICON_NAME = AppIcon;
				ASSETCATALOG_COMPILER_GLOBAL_ACCENT_COLOR_NAME = AccentColor;
				CODE_SIGN_ENTITLEMENTS = ScalesStar.entitlements;
				CODE_SIGN_STYLE = Automatic;
				CURRENT_PROJECT_VERSION = 29;
				DEVELOPMENT_ASSET_PATHS = "\"ScalesTrainer/Preview Content\"";
				DEVELOPMENT_TEAM = X9VDGR7PQ7;
				ENABLE_PREVIEWS = YES;
				GENERATE_INFOPLIST_FILE = YES;
				INFOPLIST_FILE = ScalesTrainer/Info.plist;
				INFOPLIST_KEY_CFBundleDisplayName = "Scales Academy";
				INFOPLIST_KEY_LSApplicationCategoryType = "";
				INFOPLIST_KEY_NSBluetoothAlwaysUsageDescription = "This app uses Bluetooth to connect to MIDI devices.";
				INFOPLIST_KEY_NSBluetoothPeripheralUsageDescription = "This app uses Bluetooth to connect to MIDI devices.";
				INFOPLIST_KEY_NSMicrophoneUsageDescription = "Scales Trainer needs access to your microphone to hear you play";
				INFOPLIST_KEY_NSSpeechRecognitionUsageDescription = "Scales Trainer listens to your words to execute its commands";
				INFOPLIST_KEY_UIApplicationSceneManifest_Generation = YES;
				INFOPLIST_KEY_UIApplicationSupportsIndirectInputEvents = YES;
				INFOPLIST_KEY_UILaunchScreen_Generation = YES;
				INFOPLIST_KEY_UISupportedInterfaceOrientations = "UIInterfaceOrientationPortrait UIInterfaceOrientationPortraitUpsideDown";
				INFOPLIST_KEY_UISupportedInterfaceOrientations_iPad = "UIInterfaceOrientationLandscapeLeft UIInterfaceOrientationLandscapeRight UIInterfaceOrientationPortrait UIInterfaceOrientationPortraitUpsideDown";
				IPHONEOS_DEPLOYMENT_TARGET = 17.0;
				LD_RUNPATH_SEARCH_PATHS = (
					"$(inherited)",
					"@executable_path/Frameworks",
				);
				MARKETING_VERSION = 1.0;
				PRODUCT_BUNDLE_IDENTIFIER = com.musicmastereducation.ScalesStar;
				PRODUCT_NAME = "$(TARGET_NAME)";
				SWIFT_EMIT_LOC_STRINGS = YES;
				SWIFT_VERSION = 5.0;
				TARGETED_DEVICE_FAMILY = "1,2";
			};
			name = Debug;
		};
		79DA82222BCCE960008AC492 /* Release */ = {
			isa = XCBuildConfiguration;
			baseConfigurationReference = 0194CE10841F5E19628FC7AD /* Pods-ScalesStar.release.xcconfig */;
			buildSettings = {
				ASSETCATALOG_COMPILER_APPICON_NAME = AppIcon;
				ASSETCATALOG_COMPILER_GLOBAL_ACCENT_COLOR_NAME = AccentColor;
				CODE_SIGN_ENTITLEMENTS = ScalesStar.entitlements;
				CODE_SIGN_STYLE = Automatic;
				CURRENT_PROJECT_VERSION = 29;
				DEVELOPMENT_ASSET_PATHS = "\"ScalesTrainer/Preview Content\"";
				DEVELOPMENT_TEAM = X9VDGR7PQ7;
				ENABLE_PREVIEWS = YES;
				GENERATE_INFOPLIST_FILE = YES;
				INFOPLIST_FILE = ScalesTrainer/Info.plist;
				INFOPLIST_KEY_CFBundleDisplayName = "Scales Academy";
				INFOPLIST_KEY_LSApplicationCategoryType = "";
				INFOPLIST_KEY_NSBluetoothAlwaysUsageDescription = "This app uses Bluetooth to connect to MIDI devices.";
				INFOPLIST_KEY_NSBluetoothPeripheralUsageDescription = "This app uses Bluetooth to connect to MIDI devices.";
				INFOPLIST_KEY_NSMicrophoneUsageDescription = "Scales Trainer needs access to your microphone to hear you play";
				INFOPLIST_KEY_NSSpeechRecognitionUsageDescription = "Scales Trainer listens to your words to execute its commands";
				INFOPLIST_KEY_UIApplicationSceneManifest_Generation = YES;
				INFOPLIST_KEY_UIApplicationSupportsIndirectInputEvents = YES;
				INFOPLIST_KEY_UILaunchScreen_Generation = YES;
				INFOPLIST_KEY_UISupportedInterfaceOrientations = "UIInterfaceOrientationPortrait UIInterfaceOrientationPortraitUpsideDown";
				INFOPLIST_KEY_UISupportedInterfaceOrientations_iPad = "UIInterfaceOrientationLandscapeLeft UIInterfaceOrientationLandscapeRight UIInterfaceOrientationPortrait UIInterfaceOrientationPortraitUpsideDown";
				IPHONEOS_DEPLOYMENT_TARGET = 17.0;
				LD_RUNPATH_SEARCH_PATHS = (
					"$(inherited)",
					"@executable_path/Frameworks",
				);
				MARKETING_VERSION = 1.0;
				PRODUCT_BUNDLE_IDENTIFIER = com.musicmastereducation.ScalesStar;
				PRODUCT_NAME = "$(TARGET_NAME)";
				SWIFT_EMIT_LOC_STRINGS = YES;
				SWIFT_VERSION = 5.0;
				TARGETED_DEVICE_FAMILY = "1,2";
			};
			name = Release;
		};
/* End XCBuildConfiguration section */

/* Begin XCConfigurationList section */
		79891CD52D38D21F009405C3 /* Build configuration list for PBXNativeTarget "ScalesStarTests1" */ = {
			isa = XCConfigurationList;
			buildConfigurations = (
				79891CD62D38D21F009405C3 /* Debug */,
				79891CD72D38D21F009405C3 /* Release */,
			);
			defaultConfigurationIsVisible = 0;
			defaultConfigurationName = Release;
		};
		79DA820D2BCCE95F008AC492 /* Build configuration list for PBXProject "ScalesTrainer" */ = {
			isa = XCConfigurationList;
			buildConfigurations = (
				79DA821E2BCCE960008AC492 /* Debug */,
				79DA821F2BCCE960008AC492 /* Release */,
			);
			defaultConfigurationIsVisible = 0;
			defaultConfigurationName = Release;
		};
		79DA82202BCCE960008AC492 /* Build configuration list for PBXNativeTarget "ScalesStar" */ = {
			isa = XCConfigurationList;
			buildConfigurations = (
				79DA82212BCCE960008AC492 /* Debug */,
				79DA82222BCCE960008AC492 /* Release */,
			);
			defaultConfigurationIsVisible = 0;
			defaultConfigurationName = Release;
		};
/* End XCConfigurationList section */

/* Begin XCRemoteSwiftPackageReference section */
		794D49512BCD28CC0005A173 /* XCRemoteSwiftPackageReference "SoundpipeAudioKit" */ = {
			isa = XCRemoteSwiftPackageReference;
			repositoryURL = "https://github.com/AudioKit/SoundpipeAudioKit.git";
			requirement = {
				kind = upToNextMajorVersion;
				minimumVersion = 5.6.1;
			};
		};
		79B072EC2D37C2D200CD6F2B /* XCRemoteSwiftPackageReference "firebase-ios-sdk" */ = {
			isa = XCRemoteSwiftPackageReference;
			repositoryURL = "https://github.com/firebase/firebase-ios-sdk.git";
			requirement = {
				kind = upToNextMajorVersion;
				minimumVersion = 11.7.0;
			};
		};
		79DA82262BCCEB70008AC492 /* XCRemoteSwiftPackageReference "AudioKit" */ = {
			isa = XCRemoteSwiftPackageReference;
			repositoryURL = "https://github.com/AudioKit/AudioKit.git";
			requirement = {
				kind = upToNextMajorVersion;
				minimumVersion = 5.6.3;
			};
		};
		79DA82292BCCEB8B008AC492 /* XCRemoteSwiftPackageReference "AudioKitUI" */ = {
			isa = XCRemoteSwiftPackageReference;
			repositoryURL = "https://github.com/AudioKit/AudioKitUI.git";
			requirement = {
				kind = upToNextMajorVersion;
				minimumVersion = 0.3.7;
			};
		};
		79DA82342BCCF260008AC492 /* XCRemoteSwiftPackageReference "AudioKitEX" */ = {
			isa = XCRemoteSwiftPackageReference;
			repositoryURL = "https://github.com/AudioKit/AudioKitEX.git";
			requirement = {
				kind = upToNextMajorVersion;
				minimumVersion = 5.6.0;
			};
		};
/* End XCRemoteSwiftPackageReference section */

/* Begin XCSwiftPackageProductDependency section */
		794D49522BCD28CC0005A173 /* SoundpipeAudioKit */ = {
			isa = XCSwiftPackageProductDependency;
			package = 794D49512BCD28CC0005A173 /* XCRemoteSwiftPackageReference "SoundpipeAudioKit" */;
			productName = SoundpipeAudioKit;
		};
		79B072ED2D37C2D200CD6F2B /* FirebaseAppCheck */ = {
			isa = XCSwiftPackageProductDependency;
			package = 79B072EC2D37C2D200CD6F2B /* XCRemoteSwiftPackageReference "firebase-ios-sdk" */;
			productName = FirebaseAppCheck;
		};
		79B072EF2D37C2D200CD6F2B /* FirebaseAuth */ = {
			isa = XCSwiftPackageProductDependency;
			package = 79B072EC2D37C2D200CD6F2B /* XCRemoteSwiftPackageReference "firebase-ios-sdk" */;
			productName = FirebaseAuth;
		};
		79B072F12D37C2D200CD6F2B /* FirebaseCore */ = {
			isa = XCSwiftPackageProductDependency;
			package = 79B072EC2D37C2D200CD6F2B /* XCRemoteSwiftPackageReference "firebase-ios-sdk" */;
			productName = FirebaseCore;
		};
		79B072F32D37C2D200CD6F2B /* FirebaseDatabase */ = {
			isa = XCSwiftPackageProductDependency;
			package = 79B072EC2D37C2D200CD6F2B /* XCRemoteSwiftPackageReference "firebase-ios-sdk" */;
			productName = FirebaseDatabase;
		};
		79B072F52D37C2D200CD6F2B /* FirebaseFirestore */ = {
			isa = XCSwiftPackageProductDependency;
			package = 79B072EC2D37C2D200CD6F2B /* XCRemoteSwiftPackageReference "firebase-ios-sdk" */;
			productName = FirebaseFirestore;
		};
		79B072F72D37C2D200CD6F2B /* FirebaseStorage */ = {
			isa = XCSwiftPackageProductDependency;
			package = 79B072EC2D37C2D200CD6F2B /* XCRemoteSwiftPackageReference "firebase-ios-sdk" */;
			productName = FirebaseStorage;
		};
		79DA82272BCCEB70008AC492 /* AudioKit */ = {
			isa = XCSwiftPackageProductDependency;
			package = 79DA82262BCCEB70008AC492 /* XCRemoteSwiftPackageReference "AudioKit" */;
			productName = AudioKit;
		};
		79DA822A2BCCEB8B008AC492 /* AudioKitUI */ = {
			isa = XCSwiftPackageProductDependency;
			package = 79DA82292BCCEB8B008AC492 /* XCRemoteSwiftPackageReference "AudioKitUI" */;
			productName = AudioKitUI;
		};
		79DA82352BCCF260008AC492 /* AudioKitEX */ = {
			isa = XCSwiftPackageProductDependency;
			package = 79DA82342BCCF260008AC492 /* XCRemoteSwiftPackageReference "AudioKitEX" */;
			productName = AudioKitEX;
		};
/* End XCSwiftPackageProductDependency section */
	};
	rootObject = 79DA820A2BCCE95F008AC492 /* Project object */;
}
